
Microsoft Visual Studio Solution File, Format Version 12.00
# Visual Studio Version 16
VisualStudioVersion = 16.0.29806.167
MinimumVisualStudioVersion = 10.0.40219.1
Project("{8BC9CEB8-8B4A-11D0-8D11-00A0C91BC942}") = "prueba", "prueba\prueba.vcxproj", "{3FA07124-F65A-4B16-AB1E-E0ABF3659659}"
EndProject
Project("{8BC9CEB8-8B4A-11D0-8D11-00A0C91BC942}") = "codigo_Joseba1", "codigo_Joseba1\codigo_Joseba1.vcxproj", "{4C2F0BF5-1717-4D9C-B700-1A7AEDD5F28E}"
EndProject
Project("{8BC9CEB8-8B4A-11D0-8D11-00A0C91BC942}") = "Codigo_Joseba2", "Codigo_Joseba2\Codigo_Joseba2.vcxproj", "{DDDC824D-61CF-4C73-957E-CA5CF15773CC}"
EndProject
Project("{8BC9CEB8-8B4A-11D0-8D11-00A0C91BC942}") = "Ariketa1", "Ariketa1\Ariketa1.vcxproj", "{EF04A21E-B1AC-418D-A689-9F306DF03A39}"
EndProject
Project("{8BC9CEB8-8B4A-11D0-8D11-00A0C91BC942}") = "Ariketa6", "Ariketa6\Ariketa6.vcxproj", "{3D32DC65-B39B-4113-B456-9641FD9FB153}"
EndProject
Project("{8BC9CEB8-8B4A-11D0-8D11-00A0C91BC942}") = "ariketa_joseba", "ariketa_joseba\ariketa_joseba.vcxproj", "{FC2F3508-3668-4318-8B74-5469251C73EB}"
EndProject
Project("{8BC9CEB8-8B4A-11D0-8D11-00A0C91BC942}") = "Ariketa7", "Ariketa7\Ariketa7.vcxproj", "{4B801FDA-0678-4535-AEB5-0F36AC626173}"
EndProject
Project("{8BC9CEB8-8B4A-11D0-8D11-00A0C91BC942}") = "Ariketa5", "Ariketa5\Ariketa5.vcxproj", "{F30ADAC9-6E19-42AB-8DD2-353EF146825A}"
EndProject
Project("{8BC9CEB8-8B4A-11D0-8D11-00A0C91BC942}") = "Ariketa4", "Ariketa4\Ariketa4.vcxproj", "{80EB5E28-AC01-4F61-AE6D-0D875DDE5194}"
EndProject
Project("{8BC9CEB8-8B4A-11D0-8D11-00A0C91BC942}") = "pruebas", "pruebas\pruebas.vcxproj", "{9BF6F5D1-0819-4B4F-A2DE-5AA1E8CB7AB6}"
EndProject
Project("{8BC9CEB8-8B4A-11D0-8D11-00A0C91BC942}") = "Ariketa8", "Ariketa8\Ariketa8.vcxproj", "{566AD40A-17EF-434D-A9BF-2AE5F8D19A56}"
EndProject
Project("{8BC9CEB8-8B4A-11D0-8D11-00A0C91BC942}") = "Ariketa10", "Ariketa10\Ariketa10.vcxproj", "{0F028077-A572-4991-9BCC-9A0413C6F135}"
EndProject
Project("{8BC9CEB8-8B4A-11D0-8D11-00A0C91BC942}") = "Ariketa9", "Ariketa9\Ariketa9.vcxproj", "{F0EDD967-F45D-40B3-B9A6-E95A8025E031}"
EndProject
Project("{8BC9CEB8-8B4A-11D0-8D11-00A0C91BC942}") = "ExamenTest", "ExamenTest\ExamenTest.vcxproj", "{BD0370F9-2718-458A-B41A-2C1545AA6ECD}"
EndProject
Project("{8BC9CEB8-8B4A-11D0-8D11-00A0C91BC942}") = "exam", "exam\exam.vcxproj", "{ABD5C13D-E2BC-4A47-8A33-3FCC117DBDE3}"
EndProject
Global
	GlobalSection(SolutionConfigurationPlatforms) = preSolution
		Debug|x64 = Debug|x64
		Debug|x86 = Debug|x86
		Release|x64 = Release|x64
		Release|x86 = Release|x86
	EndGlobalSection
	GlobalSection(ProjectConfigurationPlatforms) = postSolution
		{3FA07124-F65A-4B16-AB1E-E0ABF3659659}.Debug|x64.ActiveCfg = Debug|x64
		{3FA07124-F65A-4B16-AB1E-E0ABF3659659}.Debug|x64.Build.0 = Debug|x64
		{3FA07124-F65A-4B16-AB1E-E0ABF3659659}.Debug|x86.ActiveCfg = Debug|Win32
		{3FA07124-F65A-4B16-AB1E-E0ABF3659659}.Debug|x86.Build.0 = Debug|Win32
		{3FA07124-F65A-4B16-AB1E-E0ABF3659659}.Release|x64.ActiveCfg = Release|x64
		{3FA07124-F65A-4B16-AB1E-E0ABF3659659}.Release|x64.Build.0 = Release|x64
		{3FA07124-F65A-4B16-AB1E-E0ABF3659659}.Release|x86.ActiveCfg = Release|Win32
		{3FA07124-F65A-4B16-AB1E-E0ABF3659659}.Release|x86.Build.0 = Release|Win32
		{4C2F0BF5-1717-4D9C-B700-1A7AEDD5F28E}.Debug|x64.ActiveCfg = Debug|x64
		{4C2F0BF5-1717-4D9C-B700-1A7AEDD5F28E}.Debug|x64.Build.0 = Debug|x64
		{4C2F0BF5-1717-4D9C-B700-1A7AEDD5F28E}.Debug|x86.ActiveCfg = Debug|Win32
		{4C2F0BF5-1717-4D9C-B700-1A7AEDD5F28E}.Debug|x86.Build.0 = Debug|Win32
		{4C2F0BF5-1717-4D9C-B700-1A7AEDD5F28E}.Release|x64.ActiveCfg = Release|x64
		{4C2F0BF5-1717-4D9C-B700-1A7AEDD5F28E}.Release|x64.Build.0 = Release|x64
		{4C2F0BF5-1717-4D9C-B700-1A7AEDD5F28E}.Release|x86.ActiveCfg = Release|Win32
		{4C2F0BF5-1717-4D9C-B700-1A7AEDD5F28E}.Release|x86.Build.0 = Release|Win32
		{DDDC824D-61CF-4C73-957E-CA5CF15773CC}.Debug|x64.ActiveCfg = Debug|x64
		{DDDC824D-61CF-4C73-957E-CA5CF15773CC}.Debug|x64.Build.0 = Debug|x64
		{DDDC824D-61CF-4C73-957E-CA5CF15773CC}.Debug|x86.ActiveCfg = Debug|Win32
		{DDDC824D-61CF-4C73-957E-CA5CF15773CC}.Debug|x86.Build.0 = Debug|Win32
		{DDDC824D-61CF-4C73-957E-CA5CF15773CC}.Release|x64.ActiveCfg = Release|x64
		{DDDC824D-61CF-4C73-957E-CA5CF15773CC}.Release|x64.Build.0 = Release|x64
		{DDDC824D-61CF-4C73-957E-CA5CF15773CC}.Release|x86.ActiveCfg = Release|Win32
		{DDDC824D-61CF-4C73-957E-CA5CF15773CC}.Release|x86.Build.0 = Release|Win32
		{EF04A21E-B1AC-418D-A689-9F306DF03A39}.Debug|x64.ActiveCfg = Debug|x64
		{EF04A21E-B1AC-418D-A689-9F306DF03A39}.Debug|x64.Build.0 = Debug|x64
		{EF04A21E-B1AC-418D-A689-9F306DF03A39}.Debug|x86.ActiveCfg = Debug|Win32
		{EF04A21E-B1AC-418D-A689-9F306DF03A39}.Debug|x86.Build.0 = Debug|Win32
		{EF04A21E-B1AC-418D-A689-9F306DF03A39}.Release|x64.ActiveCfg = Release|x64
		{EF04A21E-B1AC-418D-A689-9F306DF03A39}.Release|x64.Build.0 = Release|x64
		{EF04A21E-B1AC-418D-A689-9F306DF03A39}.Release|x86.ActiveCfg = Release|Win32
		{EF04A21E-B1AC-418D-A689-9F306DF03A39}.Release|x86.Build.0 = Release|Win32
		{3D32DC65-B39B-4113-B456-9641FD9FB153}.Debug|x64.ActiveCfg = Debug|x64
		{3D32DC65-B39B-4113-B456-9641FD9FB153}.Debug|x64.Build.0 = Debug|x64
		{3D32DC65-B39B-4113-B456-9641FD9FB153}.Debug|x86.ActiveCfg = Debug|Win32
		{3D32DC65-B39B-4113-B456-9641FD9FB153}.Debug|x86.Build.0 = Debug|Win32
		{3D32DC65-B39B-4113-B456-9641FD9FB153}.Release|x64.ActiveCfg = Release|x64
		{3D32DC65-B39B-4113-B456-9641FD9FB153}.Release|x64.Build.0 = Release|x64
		{3D32DC65-B39B-4113-B456-9641FD9FB153}.Release|x86.ActiveCfg = Release|Win32
		{3D32DC65-B39B-4113-B456-9641FD9FB153}.Release|x86.Build.0 = Release|Win32
		{FC2F3508-3668-4318-8B74-5469251C73EB}.Debug|x64.ActiveCfg = Debug|x64
		{FC2F3508-3668-4318-8B74-5469251C73EB}.Debug|x64.Build.0 = Debug|x64
		{FC2F3508-3668-4318-8B74-5469251C73EB}.Debug|x86.ActiveCfg = Debug|Win32
		{FC2F3508-3668-4318-8B74-5469251C73EB}.Debug|x86.Build.0 = Debug|Win32
		{FC2F3508-3668-4318-8B74-5469251C73EB}.Release|x64.ActiveCfg = Release|x64
		{FC2F3508-3668-4318-8B74-5469251C73EB}.Release|x64.Build.0 = Release|x64
		{FC2F3508-3668-4318-8B74-5469251C73EB}.Release|x86.ActiveCfg = Release|Win32
		{FC2F3508-3668-4318-8B74-5469251C73EB}.Release|x86.Build.0 = Release|Win32
		{4B801FDA-0678-4535-AEB5-0F36AC626173}.Debug|x64.ActiveCfg = Debug|x64
		{4B801FDA-0678-4535-AEB5-0F36AC626173}.Debug|x64.Build.0 = Debug|x64
		{4B801FDA-0678-4535-AEB5-0F36AC626173}.Debug|x86.ActiveCfg = Debug|Win32
		{4B801FDA-0678-4535-AEB5-0F36AC626173}.Debug|x86.Build.0 = Debug|Win32
		{4B801FDA-0678-4535-AEB5-0F36AC626173}.Release|x64.ActiveCfg = Release|x64
		{4B801FDA-0678-4535-AEB5-0F36AC626173}.Release|x64.Build.0 = Release|x64
		{4B801FDA-0678-4535-AEB5-0F36AC626173}.Release|x86.ActiveCfg = Release|Win32
		{4B801FDA-0678-4535-AEB5-0F36AC626173}.Release|x86.Build.0 = Release|Win32
		{F30ADAC9-6E19-42AB-8DD2-353EF146825A}.Debug|x64.ActiveCfg = Debug|x64
		{F30ADAC9-6E19-42AB-8DD2-353EF146825A}.Debug|x64.Build.0 = Debug|x64
		{F30ADAC9-6E19-42AB-8DD2-353EF146825A}.Debug|x86.ActiveCfg = Debug|Win32
		{F30ADAC9-6E19-42AB-8DD2-353EF146825A}.Debug|x86.Build.0 = Debug|Win32
		{F30ADAC9-6E19-42AB-8DD2-353EF146825A}.Release|x64.ActiveCfg = Release|x64
		{F30ADAC9-6E19-42AB-8DD2-353EF146825A}.Release|x64.Build.0 = Release|x64
		{F30ADAC9-6E19-42AB-8DD2-353EF146825A}.Release|x86.ActiveCfg = Release|Win32
		{F30ADAC9-6E19-42AB-8DD2-353EF146825A}.Release|x86.Build.0 = Release|Win32
		{80EB5E28-AC01-4F61-AE6D-0D875DDE5194}.Debug|x64.ActiveCfg = Debug|x64
		{80EB5E28-AC01-4F61-AE6D-0D875DDE5194}.Debug|x64.Build.0 = Debug|x64
		{80EB5E28-AC01-4F61-AE6D-0D875DDE5194}.Debug|x86.ActiveCfg = Debug|Win32
		{80EB5E28-AC01-4F61-AE6D-0D875DDE5194}.Debug|x86.Build.0 = Debug|Win32
		{80EB5E28-AC01-4F61-AE6D-0D875DDE5194}.Release|x64.ActiveCfg = Release|x64
		{80EB5E28-AC01-4F61-AE6D-0D875DDE5194}.Release|x64.Build.0 = Release|x64
		{80EB5E28-AC01-4F61-AE6D-0D875DDE5194}.Release|x86.ActiveCfg = Release|Win32
		{80EB5E28-AC01-4F61-AE6D-0D875DDE5194}.Release|x86.Build.0 = Release|Win32
		{9BF6F5D1-0819-4B4F-A2DE-5AA1E8CB7AB6}.Debug|x64.ActiveCfg = Debug|x64
		{9BF6F5D1-0819-4B4F-A2DE-5AA1E8CB7AB6}.Debug|x64.Build.0 = Debug|x64
		{9BF6F5D1-0819-4B4F-A2DE-5AA1E8CB7AB6}.Debug|x86.ActiveCfg = Debug|Win32
		{9BF6F5D1-0819-4B4F-A2DE-5AA1E8CB7AB6}.Debug|x86.Build.0 = Debug|Win32
		{9BF6F5D1-0819-4B4F-A2DE-5AA1E8CB7AB6}.Release|x64.ActiveCfg = Release|x64
		{9BF6F5D1-0819-4B4F-A2DE-5AA1E8CB7AB6}.Release|x64.Build.0 = Release|x64
		{9BF6F5D1-0819-4B4F-A2DE-5AA1E8CB7AB6}.Release|x86.ActiveCfg = Release|Win32
		{9BF6F5D1-0819-4B4F-A2DE-5AA1E8CB7AB6}.Release|x86.Build.0 = Release|Win32
		{566AD40A-17EF-434D-A9BF-2AE5F8D19A56}.Debug|x64.ActiveCfg = Debug|x64
		{566AD40A-17EF-434D-A9BF-2AE5F8D19A56}.Debug|x64.Build.0 = Debug|x64
		{566AD40A-17EF-434D-A9BF-2AE5F8D19A56}.Debug|x86.ActiveCfg = Debug|Win32
		{566AD40A-17EF-434D-A9BF-2AE5F8D19A56}.Debug|x86.Build.0 = Debug|Win32
		{566AD40A-17EF-434D-A9BF-2AE5F8D19A56}.Release|x64.ActiveCfg = Release|x64
		{566AD40A-17EF-434D-A9BF-2AE5F8D19A56}.Release|x64.Build.0 = Release|x64
		{566AD40A-17EF-434D-A9BF-2AE5F8D19A56}.Release|x86.ActiveCfg = Release|Win32
		{566AD40A-17EF-434D-A9BF-2AE5F8D19A56}.Release|x86.Build.0 = Release|Win32
		{0F028077-A572-4991-9BCC-9A0413C6F135}.Debug|x64.ActiveCfg = Debug|x64
		{0F028077-A572-4991-9BCC-9A0413C6F135}.Debug|x64.Build.0 = Debug|x64
		{0F028077-A572-4991-9BCC-9A0413C6F135}.Debug|x86.ActiveCfg = Debug|Win32
		{0F028077-A572-4991-9BCC-9A0413C6F135}.Debug|x86.Build.0 = Debug|Win32
		{0F028077-A572-4991-9BCC-9A0413C6F135}.Release|x64.ActiveCfg = Release|x64
		{0F028077-A572-4991-9BCC-9A0413C6F135}.Release|x64.Build.0 = Release|x64
		{0F028077-A572-4991-9BCC-9A0413C6F135}.Release|x86.ActiveCfg = Release|Win32
		{0F028077-A572-4991-9BCC-9A0413C6F135}.Release|x86.Build.0 = Release|Win32
		{F0EDD967-F45D-40B3-B9A6-E95A8025E031}.Debug|x64.ActiveCfg = Debug|x64
		{F0EDD967-F45D-40B3-B9A6-E95A8025E031}.Debug|x64.Build.0 = Debug|x64
		{F0EDD967-F45D-40B3-B9A6-E95A8025E031}.Debug|x86.ActiveCfg = Debug|Win32
		{F0EDD967-F45D-40B3-B9A6-E95A8025E031}.Debug|x86.Build.0 = Debug|Win32
		{F0EDD967-F45D-40B3-B9A6-E95A8025E031}.Release|x64.ActiveCfg = Release|x64
		{F0EDD967-F45D-40B3-B9A6-E95A8025E031}.Release|x64.Build.0 = Release|x64
		{F0EDD967-F45D-40B3-B9A6-E95A8025E031}.Release|x86.ActiveCfg = Release|Win32
		{F0EDD967-F45D-40B3-B9A6-E95A8025E031}.Release|x86.Build.0 = Release|Win32
		{BD0370F9-2718-458A-B41A-2C1545AA6ECD}.Debug|x64.ActiveCfg = Debug|x64
		{BD0370F9-2718-458A-B41A-2C1545AA6ECD}.Debug|x64.Build.0 = Debug|x64
		{BD0370F9-2718-458A-B41A-2C1545AA6ECD}.Debug|x86.ActiveCfg = Debug|Win32
		{BD0370F9-2718-458A-B41A-2C1545AA6ECD}.Debug|x86.Build.0 = Debug|Win32
		{BD0370F9-2718-458A-B41A-2C1545AA6ECD}.Release|x64.ActiveCfg = Release|x64
		{BD0370F9-2718-458A-B41A-2C1545AA6ECD}.Release|x64.Build.0 = Release|x64
		{BD0370F9-2718-458A-B41A-2C1545AA6ECD}.Release|x86.ActiveCfg = Release|Win32
		{BD0370F9-2718-458A-B41A-2C1545AA6ECD}.Release|x86.Build.0 = Release|Win32
		{ABD5C13D-E2BC-4A47-8A33-3FCC117DBDE3}.Debug|x64.ActiveCfg = Debug|x64
		{ABD5C13D-E2BC-4A47-8A33-3FCC117DBDE3}.Debug|x64.Build.0 = Debug|x64
		{ABD5C13D-E2BC-4A47-8A33-3FCC117DBDE3}.Debug|x86.ActiveCfg = Debug|Win32
		{ABD5C13D-E2BC-4A47-8A33-3FCC117DBDE3}.Debug|x86.Build.0 = Debug|Win32
		{ABD5C13D-E2BC-4A47-8A33-3FCC117DBDE3}.Release|x64.ActiveCfg = Release|x64
		{ABD5C13D-E2BC-4A47-8A33-3FCC117DBDE3}.Release|x64.Build.0 = Release|x64
		{ABD5C13D-E2BC-4A47-8A33-3FCC117DBDE3}.Release|x86.ActiveCfg = Release|Win32
		{ABD5C13D-E2BC-4A47-8A33-3FCC117DBDE3}.Release|x86.Build.0 = Release|Win32
	EndGlobalSection
	GlobalSection(SolutionProperties) = preSolution
		HideSolutionNode = FALSE
	EndGlobalSection
	GlobalSection(ExtensibilityGlobals) = postSolution
		SolutionGuid = {D8AC476B-FD5A-4328-BE9B-5F6EB687FFC6}
	EndGlobalSection
EndGlobal
