
Microsoft Visual Studio Solution File, Format Version 12.00
# Visual Studio Version 16
VisualStudioVersion = 16.0.29911.84
MinimumVisualStudioVersion = 10.0.40219.1
Project("{8BC9CEB8-8B4A-11D0-8D11-00A0C91BC942}") = "prueba0", "prueba0\prueba0.vcxproj", "{4F22DCF6-483A-4C38-9C4F-C6ECEF0122BB}"
EndProject
Project("{8BC9CEB8-8B4A-11D0-8D11-00A0C91BC942}") = "prueba1", "prueba1\prueba1.vcxproj", "{B83C8192-600C-45DE-9751-1D5C564E40E6}"
EndProject
Project("{8BC9CEB8-8B4A-11D0-8D11-00A0C91BC942}") = "Ariketa2", "Ariketa2\Ariketa2.vcxproj", "{6B118585-4887-440F-9F87-33E946D2FD2F}"
EndProject
Project("{8BC9CEB8-8B4A-11D0-8D11-00A0C91BC942}") = "Ariketa3", "Ariketa3\Ariketa3.vcxproj", "{D55370FE-0B3C-456E-A987-D4AC3DE7F668}"
EndProject
Project("{8BC9CEB8-8B4A-11D0-8D11-00A0C91BC942}") = "Ariketa4", "Ariketa4\Ariketa4.vcxproj", "{A8F2559F-3B60-4AC9-8763-EA2ED44AB63E}"
EndProject
Project("{8BC9CEB8-8B4A-11D0-8D11-00A0C91BC942}") = "Ariketa5", "Ariketa5\Ariketa5.vcxproj", "{7044C50E-1FB4-4AD9-9AB1-417F4E15A4C5}"
EndProject
Project("{8BC9CEB8-8B4A-11D0-8D11-00A0C91BC942}") = "Ariketa1", "Ariketa1\Ariketa.vcxproj", "{6A534420-0FD1-4644-9A66-517D7735A020}"
EndProject
Project("{8BC9CEB8-8B4A-11D0-8D11-00A0C91BC942}") = "pruba2", "pruba2\pruba2.vcxproj", "{323FDC9A-7D6D-45F0-B140-4DABF8A35A47}"
EndProject
Project("{8BC9CEB8-8B4A-11D0-8D11-00A0C91BC942}") = "prueba3", "prueba3\prueba3.vcxproj", "{75BCD169-CC89-44DF-8556-BC9F0FCDB2E0}"
EndProject
Project("{8BC9CEB8-8B4A-11D0-8D11-00A0C91BC942}") = "KP demoa1", "KP demoa1\KP demoa1.vcxproj", "{9F4294D7-BA2E-4725-B180-C6056DAA6E6D}"
EndProject
Project("{8BC9CEB8-8B4A-11D0-8D11-00A0C91BC942}") = "KP demoa2", "KP demoa2\KP demoa2.vcxproj", "{7D57521D-86D9-4B5A-A3A2-3AEADF75D254}"
EndProject
Project("{8BC9CEB8-8B4A-11D0-8D11-00A0C91BC942}") = "KP demoa3", "KP demoa3\KP demoa3.vcxproj", "{593C6E0B-281B-45CC-8437-B90D8A38DCBF}"
EndProject
Project("{8BC9CEB8-8B4A-11D0-8D11-00A0C91BC942}") = "KP prueba1", "KP prueba1\KP prueba1.vcxproj", "{9D11D75E-552A-4AEC-A18B-2EB1717F67C7}"
EndProject
Project("{8BC9CEB8-8B4A-11D0-8D11-00A0C91BC942}") = "Ariketa_Sorta_2_1", "Ariketa_Sorta_2_1\Ariketa_Sorta_2_1.vcxproj", "{FC92FBD2-2723-49CF-99FC-B087CFB62F0A}"
EndProject
Project("{8BC9CEB8-8B4A-11D0-8D11-00A0C91BC942}") = "Ariketa_Sorta_2_2", "Ariketa_Sorta_2_2\Ariketa_Sorta_2_2.vcxproj", "{8A7A429A-F41C-4E65-B923-865922940B78}"
EndProject
Project("{8BC9CEB8-8B4A-11D0-8D11-00A0C91BC942}") = "Ariketa_Sorta_2_4", "Ariketa_Sorta_2_4\Ariketa_Sorta_2_4.vcxproj", "{6CABDBA5-EC52-4DE4-9121-6D54DB78B54E}"
EndProject
Project("{8BC9CEB8-8B4A-11D0-8D11-00A0C91BC942}") = "Ariketa_Sorta_2_5", "Ariketa_Sorta_2_5\Ariketa_Sorta_2_5.vcxproj", "{0B908947-1DDF-4060-9A14-EA0B567DD1E3}"
EndProject
Project("{8BC9CEB8-8B4A-11D0-8D11-00A0C91BC942}") = "Ariketa_Sorta_2_8", "Ariketa_Sorta_2_8\Ariketa_Sorta_2_8.vcxproj", "{A976D46E-24DC-4234-985A-826BFEAEC1AD}"
EndProject
Project("{8BC9CEB8-8B4A-11D0-8D11-00A0C91BC942}") = "Ariketa_Sorta_2_6", "Ariketa_Sorta_2_6\Ariketa_Sorta_2_6.vcxproj", "{5126B8B5-CBE5-4A88-8958-5C2A7C7BD377}"
EndProject
Project("{8BC9CEB8-8B4A-11D0-8D11-00A0C91BC942}") = "nosequeponer", "nosequeponer\nosequeponer.vcxproj", "{8F485F82-4258-42F7-9BF0-321E5BAE820E}"
EndProject
Project("{8BC9CEB8-8B4A-11D0-8D11-00A0C91BC942}") = "Hanoi_dorreak", "Hanoi_dorreak\Hanoi_dorreak.vcxproj", "{107EEC62-40F6-4C6F-A40F-5D84E10ECE07}"
EndProject
Project("{8BC9CEB8-8B4A-11D0-8D11-00A0C91BC942}") = "Ariketa_Gehigarria_1", "Ariketa_Gehigarria_1\Ariketa_Gehigarria_1.vcxproj", "{55FCD897-5261-43F3-8872-C352E7695AD3}"
EndProject
Project("{8BC9CEB8-8B4A-11D0-8D11-00A0C91BC942}") = "AriketaSinMas", "AriketaSinMas\AriketaSinMas.vcxproj", "{C141537D-2B52-4D12-8624-04545537EBA7}"
EndProject
Project("{8BC9CEB8-8B4A-11D0-8D11-00A0C91BC942}") = "AriketaSinMas2", "AriketaSinMas2\AriketaSinMas2.vcxproj", "{4D0BCC44-8321-46DD-B4D0-A0E532B05FA1}"
EndProject
Project("{8BC9CEB8-8B4A-11D0-8D11-00A0C91BC942}") = "AriketaSinMas3", "AriketaSinMas3\AriketaSinMas3.vcxproj", "{937BF96C-692A-43F0-93E7-CF33469F349C}"
EndProject
Project("{8BC9CEB8-8B4A-11D0-8D11-00A0C91BC942}") = "KP2Errekurtsibitatea", "KP2Errekurtsibitatea\KP2Errekurtsibitatea.vcxproj", "{22FE7D48-5B1D-4E26-B65D-8DB84D0EB2F7}"
EndProject
Project("{8BC9CEB8-8B4A-11D0-8D11-00A0C91BC942}") = "KP2Erakusleak", "KP2Erakusleak\KP2Erakusleak.vcxproj", "{9A47B9A9-5004-4065-B8A3-06A9200264B4}"
EndProject
Global
	GlobalSection(SolutionConfigurationPlatforms) = preSolution
		Debug|x64 = Debug|x64
		Debug|x86 = Debug|x86
		Release|x64 = Release|x64
		Release|x86 = Release|x86
	EndGlobalSection
	GlobalSection(ProjectConfigurationPlatforms) = postSolution
		{4F22DCF6-483A-4C38-9C4F-C6ECEF0122BB}.Debug|x64.ActiveCfg = Debug|x64
		{4F22DCF6-483A-4C38-9C4F-C6ECEF0122BB}.Debug|x64.Build.0 = Debug|x64
		{4F22DCF6-483A-4C38-9C4F-C6ECEF0122BB}.Debug|x86.ActiveCfg = Debug|Win32
		{4F22DCF6-483A-4C38-9C4F-C6ECEF0122BB}.Debug|x86.Build.0 = Debug|Win32
		{4F22DCF6-483A-4C38-9C4F-C6ECEF0122BB}.Release|x64.ActiveCfg = Release|x64
		{4F22DCF6-483A-4C38-9C4F-C6ECEF0122BB}.Release|x64.Build.0 = Release|x64
		{4F22DCF6-483A-4C38-9C4F-C6ECEF0122BB}.Release|x86.ActiveCfg = Release|Win32
		{4F22DCF6-483A-4C38-9C4F-C6ECEF0122BB}.Release|x86.Build.0 = Release|Win32
		{B83C8192-600C-45DE-9751-1D5C564E40E6}.Debug|x64.ActiveCfg = Debug|x64
		{B83C8192-600C-45DE-9751-1D5C564E40E6}.Debug|x64.Build.0 = Debug|x64
		{B83C8192-600C-45DE-9751-1D5C564E40E6}.Debug|x86.ActiveCfg = Debug|Win32
		{B83C8192-600C-45DE-9751-1D5C564E40E6}.Debug|x86.Build.0 = Debug|Win32
		{B83C8192-600C-45DE-9751-1D5C564E40E6}.Release|x64.ActiveCfg = Release|x64
		{B83C8192-600C-45DE-9751-1D5C564E40E6}.Release|x64.Build.0 = Release|x64
		{B83C8192-600C-45DE-9751-1D5C564E40E6}.Release|x86.ActiveCfg = Release|Win32
		{B83C8192-600C-45DE-9751-1D5C564E40E6}.Release|x86.Build.0 = Release|Win32
		{6B118585-4887-440F-9F87-33E946D2FD2F}.Debug|x64.ActiveCfg = Debug|x64
		{6B118585-4887-440F-9F87-33E946D2FD2F}.Debug|x64.Build.0 = Debug|x64
		{6B118585-4887-440F-9F87-33E946D2FD2F}.Debug|x86.ActiveCfg = Debug|Win32
		{6B118585-4887-440F-9F87-33E946D2FD2F}.Debug|x86.Build.0 = Debug|Win32
		{6B118585-4887-440F-9F87-33E946D2FD2F}.Release|x64.ActiveCfg = Release|x64
		{6B118585-4887-440F-9F87-33E946D2FD2F}.Release|x64.Build.0 = Release|x64
		{6B118585-4887-440F-9F87-33E946D2FD2F}.Release|x86.ActiveCfg = Release|Win32
		{6B118585-4887-440F-9F87-33E946D2FD2F}.Release|x86.Build.0 = Release|Win32
		{D55370FE-0B3C-456E-A987-D4AC3DE7F668}.Debug|x64.ActiveCfg = Debug|x64
		{D55370FE-0B3C-456E-A987-D4AC3DE7F668}.Debug|x64.Build.0 = Debug|x64
		{D55370FE-0B3C-456E-A987-D4AC3DE7F668}.Debug|x86.ActiveCfg = Debug|Win32
		{D55370FE-0B3C-456E-A987-D4AC3DE7F668}.Debug|x86.Build.0 = Debug|Win32
		{D55370FE-0B3C-456E-A987-D4AC3DE7F668}.Release|x64.ActiveCfg = Release|x64
		{D55370FE-0B3C-456E-A987-D4AC3DE7F668}.Release|x64.Build.0 = Release|x64
		{D55370FE-0B3C-456E-A987-D4AC3DE7F668}.Release|x86.ActiveCfg = Release|Win32
		{D55370FE-0B3C-456E-A987-D4AC3DE7F668}.Release|x86.Build.0 = Release|Win32
		{A8F2559F-3B60-4AC9-8763-EA2ED44AB63E}.Debug|x64.ActiveCfg = Debug|x64
		{A8F2559F-3B60-4AC9-8763-EA2ED44AB63E}.Debug|x64.Build.0 = Debug|x64
		{A8F2559F-3B60-4AC9-8763-EA2ED44AB63E}.Debug|x86.ActiveCfg = Debug|Win32
		{A8F2559F-3B60-4AC9-8763-EA2ED44AB63E}.Debug|x86.Build.0 = Debug|Win32
		{A8F2559F-3B60-4AC9-8763-EA2ED44AB63E}.Release|x64.ActiveCfg = Release|x64
		{A8F2559F-3B60-4AC9-8763-EA2ED44AB63E}.Release|x64.Build.0 = Release|x64
		{A8F2559F-3B60-4AC9-8763-EA2ED44AB63E}.Release|x86.ActiveCfg = Release|Win32
		{A8F2559F-3B60-4AC9-8763-EA2ED44AB63E}.Release|x86.Build.0 = Release|Win32
		{7044C50E-1FB4-4AD9-9AB1-417F4E15A4C5}.Debug|x64.ActiveCfg = Debug|x64
		{7044C50E-1FB4-4AD9-9AB1-417F4E15A4C5}.Debug|x64.Build.0 = Debug|x64
		{7044C50E-1FB4-4AD9-9AB1-417F4E15A4C5}.Debug|x86.ActiveCfg = Debug|Win32
		{7044C50E-1FB4-4AD9-9AB1-417F4E15A4C5}.Debug|x86.Build.0 = Debug|Win32
		{7044C50E-1FB4-4AD9-9AB1-417F4E15A4C5}.Release|x64.ActiveCfg = Release|x64
		{7044C50E-1FB4-4AD9-9AB1-417F4E15A4C5}.Release|x64.Build.0 = Release|x64
		{7044C50E-1FB4-4AD9-9AB1-417F4E15A4C5}.Release|x86.ActiveCfg = Release|Win32
		{7044C50E-1FB4-4AD9-9AB1-417F4E15A4C5}.Release|x86.Build.0 = Release|Win32
		{6A534420-0FD1-4644-9A66-517D7735A020}.Debug|x64.ActiveCfg = Debug|x64
		{6A534420-0FD1-4644-9A66-517D7735A020}.Debug|x64.Build.0 = Debug|x64
		{6A534420-0FD1-4644-9A66-517D7735A020}.Debug|x86.ActiveCfg = Debug|Win32
		{6A534420-0FD1-4644-9A66-517D7735A020}.Debug|x86.Build.0 = Debug|Win32
		{6A534420-0FD1-4644-9A66-517D7735A020}.Release|x64.ActiveCfg = Release|x64
		{6A534420-0FD1-4644-9A66-517D7735A020}.Release|x64.Build.0 = Release|x64
		{6A534420-0FD1-4644-9A66-517D7735A020}.Release|x86.ActiveCfg = Release|Win32
		{6A534420-0FD1-4644-9A66-517D7735A020}.Release|x86.Build.0 = Release|Win32
		{323FDC9A-7D6D-45F0-B140-4DABF8A35A47}.Debug|x64.ActiveCfg = Debug|x64
		{323FDC9A-7D6D-45F0-B140-4DABF8A35A47}.Debug|x64.Build.0 = Debug|x64
		{323FDC9A-7D6D-45F0-B140-4DABF8A35A47}.Debug|x86.ActiveCfg = Debug|Win32
		{323FDC9A-7D6D-45F0-B140-4DABF8A35A47}.Debug|x86.Build.0 = Debug|Win32
		{323FDC9A-7D6D-45F0-B140-4DABF8A35A47}.Release|x64.ActiveCfg = Release|x64
		{323FDC9A-7D6D-45F0-B140-4DABF8A35A47}.Release|x64.Build.0 = Release|x64
		{323FDC9A-7D6D-45F0-B140-4DABF8A35A47}.Release|x86.ActiveCfg = Release|Win32
		{323FDC9A-7D6D-45F0-B140-4DABF8A35A47}.Release|x86.Build.0 = Release|Win32
		{75BCD169-CC89-44DF-8556-BC9F0FCDB2E0}.Debug|x64.ActiveCfg = Debug|x64
		{75BCD169-CC89-44DF-8556-BC9F0FCDB2E0}.Debug|x64.Build.0 = Debug|x64
		{75BCD169-CC89-44DF-8556-BC9F0FCDB2E0}.Debug|x86.ActiveCfg = Debug|Win32
		{75BCD169-CC89-44DF-8556-BC9F0FCDB2E0}.Debug|x86.Build.0 = Debug|Win32
		{75BCD169-CC89-44DF-8556-BC9F0FCDB2E0}.Release|x64.ActiveCfg = Release|x64
		{75BCD169-CC89-44DF-8556-BC9F0FCDB2E0}.Release|x64.Build.0 = Release|x64
		{75BCD169-CC89-44DF-8556-BC9F0FCDB2E0}.Release|x86.ActiveCfg = Release|Win32
		{75BCD169-CC89-44DF-8556-BC9F0FCDB2E0}.Release|x86.Build.0 = Release|Win32
		{9F4294D7-BA2E-4725-B180-C6056DAA6E6D}.Debug|x64.ActiveCfg = Debug|x64
		{9F4294D7-BA2E-4725-B180-C6056DAA6E6D}.Debug|x64.Build.0 = Debug|x64
		{9F4294D7-BA2E-4725-B180-C6056DAA6E6D}.Debug|x86.ActiveCfg = Debug|Win32
		{9F4294D7-BA2E-4725-B180-C6056DAA6E6D}.Debug|x86.Build.0 = Debug|Win32
		{9F4294D7-BA2E-4725-B180-C6056DAA6E6D}.Release|x64.ActiveCfg = Release|x64
		{9F4294D7-BA2E-4725-B180-C6056DAA6E6D}.Release|x64.Build.0 = Release|x64
		{9F4294D7-BA2E-4725-B180-C6056DAA6E6D}.Release|x86.ActiveCfg = Release|Win32
		{9F4294D7-BA2E-4725-B180-C6056DAA6E6D}.Release|x86.Build.0 = Release|Win32
		{7D57521D-86D9-4B5A-A3A2-3AEADF75D254}.Debug|x64.ActiveCfg = Debug|x64
		{7D57521D-86D9-4B5A-A3A2-3AEADF75D254}.Debug|x64.Build.0 = Debug|x64
		{7D57521D-86D9-4B5A-A3A2-3AEADF75D254}.Debug|x86.ActiveCfg = Debug|Win32
		{7D57521D-86D9-4B5A-A3A2-3AEADF75D254}.Debug|x86.Build.0 = Debug|Win32
		{7D57521D-86D9-4B5A-A3A2-3AEADF75D254}.Release|x64.ActiveCfg = Release|x64
		{7D57521D-86D9-4B5A-A3A2-3AEADF75D254}.Release|x64.Build.0 = Release|x64
		{7D57521D-86D9-4B5A-A3A2-3AEADF75D254}.Release|x86.ActiveCfg = Release|Win32
		{7D57521D-86D9-4B5A-A3A2-3AEADF75D254}.Release|x86.Build.0 = Release|Win32
		{593C6E0B-281B-45CC-8437-B90D8A38DCBF}.Debug|x64.ActiveCfg = Debug|x64
		{593C6E0B-281B-45CC-8437-B90D8A38DCBF}.Debug|x64.Build.0 = Debug|x64
		{593C6E0B-281B-45CC-8437-B90D8A38DCBF}.Debug|x86.ActiveCfg = Debug|Win32
		{593C6E0B-281B-45CC-8437-B90D8A38DCBF}.Debug|x86.Build.0 = Debug|Win32
		{593C6E0B-281B-45CC-8437-B90D8A38DCBF}.Release|x64.ActiveCfg = Release|x64
		{593C6E0B-281B-45CC-8437-B90D8A38DCBF}.Release|x64.Build.0 = Release|x64
		{593C6E0B-281B-45CC-8437-B90D8A38DCBF}.Release|x86.ActiveCfg = Release|Win32
		{593C6E0B-281B-45CC-8437-B90D8A38DCBF}.Release|x86.Build.0 = Release|Win32
		{9D11D75E-552A-4AEC-A18B-2EB1717F67C7}.Debug|x64.ActiveCfg = Debug|x64
		{9D11D75E-552A-4AEC-A18B-2EB1717F67C7}.Debug|x64.Build.0 = Debug|x64
		{9D11D75E-552A-4AEC-A18B-2EB1717F67C7}.Debug|x86.ActiveCfg = Debug|Win32
		{9D11D75E-552A-4AEC-A18B-2EB1717F67C7}.Debug|x86.Build.0 = Debug|Win32
		{9D11D75E-552A-4AEC-A18B-2EB1717F67C7}.Release|x64.ActiveCfg = Release|x64
		{9D11D75E-552A-4AEC-A18B-2EB1717F67C7}.Release|x64.Build.0 = Release|x64
		{9D11D75E-552A-4AEC-A18B-2EB1717F67C7}.Release|x86.ActiveCfg = Release|Win32
		{9D11D75E-552A-4AEC-A18B-2EB1717F67C7}.Release|x86.Build.0 = Release|Win32
		{FC92FBD2-2723-49CF-99FC-B087CFB62F0A}.Debug|x64.ActiveCfg = Debug|x64
		{FC92FBD2-2723-49CF-99FC-B087CFB62F0A}.Debug|x64.Build.0 = Debug|x64
		{FC92FBD2-2723-49CF-99FC-B087CFB62F0A}.Debug|x86.ActiveCfg = Debug|Win32
		{FC92FBD2-2723-49CF-99FC-B087CFB62F0A}.Debug|x86.Build.0 = Debug|Win32
		{FC92FBD2-2723-49CF-99FC-B087CFB62F0A}.Release|x64.ActiveCfg = Release|x64
		{FC92FBD2-2723-49CF-99FC-B087CFB62F0A}.Release|x64.Build.0 = Release|x64
		{FC92FBD2-2723-49CF-99FC-B087CFB62F0A}.Release|x86.ActiveCfg = Release|Win32
		{FC92FBD2-2723-49CF-99FC-B087CFB62F0A}.Release|x86.Build.0 = Release|Win32
		{8A7A429A-F41C-4E65-B923-865922940B78}.Debug|x64.ActiveCfg = Debug|x64
		{8A7A429A-F41C-4E65-B923-865922940B78}.Debug|x64.Build.0 = Debug|x64
		{8A7A429A-F41C-4E65-B923-865922940B78}.Debug|x86.ActiveCfg = Debug|Win32
		{8A7A429A-F41C-4E65-B923-865922940B78}.Debug|x86.Build.0 = Debug|Win32
		{8A7A429A-F41C-4E65-B923-865922940B78}.Release|x64.ActiveCfg = Release|x64
		{8A7A429A-F41C-4E65-B923-865922940B78}.Release|x64.Build.0 = Release|x64
		{8A7A429A-F41C-4E65-B923-865922940B78}.Release|x86.ActiveCfg = Release|Win32
		{8A7A429A-F41C-4E65-B923-865922940B78}.Release|x86.Build.0 = Release|Win32
		{6CABDBA5-EC52-4DE4-9121-6D54DB78B54E}.Debug|x64.ActiveCfg = Debug|x64
		{6CABDBA5-EC52-4DE4-9121-6D54DB78B54E}.Debug|x64.Build.0 = Debug|x64
		{6CABDBA5-EC52-4DE4-9121-6D54DB78B54E}.Debug|x86.ActiveCfg = Debug|Win32
		{6CABDBA5-EC52-4DE4-9121-6D54DB78B54E}.Debug|x86.Build.0 = Debug|Win32
		{6CABDBA5-EC52-4DE4-9121-6D54DB78B54E}.Release|x64.ActiveCfg = Release|x64
		{6CABDBA5-EC52-4DE4-9121-6D54DB78B54E}.Release|x64.Build.0 = Release|x64
		{6CABDBA5-EC52-4DE4-9121-6D54DB78B54E}.Release|x86.ActiveCfg = Release|Win32
		{6CABDBA5-EC52-4DE4-9121-6D54DB78B54E}.Release|x86.Build.0 = Release|Win32
		{0B908947-1DDF-4060-9A14-EA0B567DD1E3}.Debug|x64.ActiveCfg = Debug|x64
		{0B908947-1DDF-4060-9A14-EA0B567DD1E3}.Debug|x64.Build.0 = Debug|x64
		{0B908947-1DDF-4060-9A14-EA0B567DD1E3}.Debug|x86.ActiveCfg = Debug|Win32
		{0B908947-1DDF-4060-9A14-EA0B567DD1E3}.Debug|x86.Build.0 = Debug|Win32
		{0B908947-1DDF-4060-9A14-EA0B567DD1E3}.Release|x64.ActiveCfg = Release|x64
		{0B908947-1DDF-4060-9A14-EA0B567DD1E3}.Release|x64.Build.0 = Release|x64
		{0B908947-1DDF-4060-9A14-EA0B567DD1E3}.Release|x86.ActiveCfg = Release|Win32
		{0B908947-1DDF-4060-9A14-EA0B567DD1E3}.Release|x86.Build.0 = Release|Win32
		{A976D46E-24DC-4234-985A-826BFEAEC1AD}.Debug|x64.ActiveCfg = Debug|x64
		{A976D46E-24DC-4234-985A-826BFEAEC1AD}.Debug|x64.Build.0 = Debug|x64
		{A976D46E-24DC-4234-985A-826BFEAEC1AD}.Debug|x86.ActiveCfg = Debug|Win32
		{A976D46E-24DC-4234-985A-826BFEAEC1AD}.Debug|x86.Build.0 = Debug|Win32
		{A976D46E-24DC-4234-985A-826BFEAEC1AD}.Release|x64.ActiveCfg = Release|x64
		{A976D46E-24DC-4234-985A-826BFEAEC1AD}.Release|x64.Build.0 = Release|x64
		{A976D46E-24DC-4234-985A-826BFEAEC1AD}.Release|x86.ActiveCfg = Release|Win32
		{A976D46E-24DC-4234-985A-826BFEAEC1AD}.Release|x86.Build.0 = Release|Win32
		{5126B8B5-CBE5-4A88-8958-5C2A7C7BD377}.Debug|x64.ActiveCfg = Debug|x64
		{5126B8B5-CBE5-4A88-8958-5C2A7C7BD377}.Debug|x64.Build.0 = Debug|x64
		{5126B8B5-CBE5-4A88-8958-5C2A7C7BD377}.Debug|x86.ActiveCfg = Debug|Win32
		{5126B8B5-CBE5-4A88-8958-5C2A7C7BD377}.Debug|x86.Build.0 = Debug|Win32
		{5126B8B5-CBE5-4A88-8958-5C2A7C7BD377}.Release|x64.ActiveCfg = Release|x64
		{5126B8B5-CBE5-4A88-8958-5C2A7C7BD377}.Release|x64.Build.0 = Release|x64
		{5126B8B5-CBE5-4A88-8958-5C2A7C7BD377}.Release|x86.ActiveCfg = Release|Win32
		{5126B8B5-CBE5-4A88-8958-5C2A7C7BD377}.Release|x86.Build.0 = Release|Win32
		{8F485F82-4258-42F7-9BF0-321E5BAE820E}.Debug|x64.ActiveCfg = Debug|x64
		{8F485F82-4258-42F7-9BF0-321E5BAE820E}.Debug|x64.Build.0 = Debug|x64
		{8F485F82-4258-42F7-9BF0-321E5BAE820E}.Debug|x86.ActiveCfg = Debug|Win32
		{8F485F82-4258-42F7-9BF0-321E5BAE820E}.Debug|x86.Build.0 = Debug|Win32
		{8F485F82-4258-42F7-9BF0-321E5BAE820E}.Release|x64.ActiveCfg = Release|x64
		{8F485F82-4258-42F7-9BF0-321E5BAE820E}.Release|x64.Build.0 = Release|x64
		{8F485F82-4258-42F7-9BF0-321E5BAE820E}.Release|x86.ActiveCfg = Release|Win32
		{8F485F82-4258-42F7-9BF0-321E5BAE820E}.Release|x86.Build.0 = Release|Win32
		{107EEC62-40F6-4C6F-A40F-5D84E10ECE07}.Debug|x64.ActiveCfg = Debug|x64
		{107EEC62-40F6-4C6F-A40F-5D84E10ECE07}.Debug|x64.Build.0 = Debug|x64
		{107EEC62-40F6-4C6F-A40F-5D84E10ECE07}.Debug|x86.ActiveCfg = Debug|Win32
		{107EEC62-40F6-4C6F-A40F-5D84E10ECE07}.Debug|x86.Build.0 = Debug|Win32
		{107EEC62-40F6-4C6F-A40F-5D84E10ECE07}.Release|x64.ActiveCfg = Release|x64
		{107EEC62-40F6-4C6F-A40F-5D84E10ECE07}.Release|x64.Build.0 = Release|x64
		{107EEC62-40F6-4C6F-A40F-5D84E10ECE07}.Release|x86.ActiveCfg = Release|Win32
		{107EEC62-40F6-4C6F-A40F-5D84E10ECE07}.Release|x86.Build.0 = Release|Win32
		{55FCD897-5261-43F3-8872-C352E7695AD3}.Debug|x64.ActiveCfg = Debug|x64
		{55FCD897-5261-43F3-8872-C352E7695AD3}.Debug|x64.Build.0 = Debug|x64
		{55FCD897-5261-43F3-8872-C352E7695AD3}.Debug|x86.ActiveCfg = Debug|Win32
		{55FCD897-5261-43F3-8872-C352E7695AD3}.Debug|x86.Build.0 = Debug|Win32
		{55FCD897-5261-43F3-8872-C352E7695AD3}.Release|x64.ActiveCfg = Release|x64
		{55FCD897-5261-43F3-8872-C352E7695AD3}.Release|x64.Build.0 = Release|x64
		{55FCD897-5261-43F3-8872-C352E7695AD3}.Release|x86.ActiveCfg = Release|Win32
		{55FCD897-5261-43F3-8872-C352E7695AD3}.Release|x86.Build.0 = Release|Win32
		{C141537D-2B52-4D12-8624-04545537EBA7}.Debug|x64.ActiveCfg = Debug|x64
		{C141537D-2B52-4D12-8624-04545537EBA7}.Debug|x64.Build.0 = Debug|x64
		{C141537D-2B52-4D12-8624-04545537EBA7}.Debug|x86.ActiveCfg = Debug|Win32
		{C141537D-2B52-4D12-8624-04545537EBA7}.Debug|x86.Build.0 = Debug|Win32
		{C141537D-2B52-4D12-8624-04545537EBA7}.Release|x64.ActiveCfg = Release|x64
		{C141537D-2B52-4D12-8624-04545537EBA7}.Release|x64.Build.0 = Release|x64
		{C141537D-2B52-4D12-8624-04545537EBA7}.Release|x86.ActiveCfg = Release|Win32
		{C141537D-2B52-4D12-8624-04545537EBA7}.Release|x86.Build.0 = Release|Win32
		{4D0BCC44-8321-46DD-B4D0-A0E532B05FA1}.Debug|x64.ActiveCfg = Debug|x64
		{4D0BCC44-8321-46DD-B4D0-A0E532B05FA1}.Debug|x64.Build.0 = Debug|x64
		{4D0BCC44-8321-46DD-B4D0-A0E532B05FA1}.Debug|x86.ActiveCfg = Debug|Win32
		{4D0BCC44-8321-46DD-B4D0-A0E532B05FA1}.Debug|x86.Build.0 = Debug|Win32
		{4D0BCC44-8321-46DD-B4D0-A0E532B05FA1}.Release|x64.ActiveCfg = Release|x64
		{4D0BCC44-8321-46DD-B4D0-A0E532B05FA1}.Release|x64.Build.0 = Release|x64
		{4D0BCC44-8321-46DD-B4D0-A0E532B05FA1}.Release|x86.ActiveCfg = Release|Win32
		{4D0BCC44-8321-46DD-B4D0-A0E532B05FA1}.Release|x86.Build.0 = Release|Win32
		{937BF96C-692A-43F0-93E7-CF33469F349C}.Debug|x64.ActiveCfg = Debug|x64
		{937BF96C-692A-43F0-93E7-CF33469F349C}.Debug|x64.Build.0 = Debug|x64
		{937BF96C-692A-43F0-93E7-CF33469F349C}.Debug|x86.ActiveCfg = Debug|Win32
		{937BF96C-692A-43F0-93E7-CF33469F349C}.Debug|x86.Build.0 = Debug|Win32
		{937BF96C-692A-43F0-93E7-CF33469F349C}.Release|x64.ActiveCfg = Release|x64
		{937BF96C-692A-43F0-93E7-CF33469F349C}.Release|x64.Build.0 = Release|x64
		{937BF96C-692A-43F0-93E7-CF33469F349C}.Release|x86.ActiveCfg = Release|Win32
		{937BF96C-692A-43F0-93E7-CF33469F349C}.Release|x86.Build.0 = Release|Win32
		{22FE7D48-5B1D-4E26-B65D-8DB84D0EB2F7}.Debug|x64.ActiveCfg = Debug|x64
		{22FE7D48-5B1D-4E26-B65D-8DB84D0EB2F7}.Debug|x64.Build.0 = Debug|x64
		{22FE7D48-5B1D-4E26-B65D-8DB84D0EB2F7}.Debug|x86.ActiveCfg = Debug|Win32
		{22FE7D48-5B1D-4E26-B65D-8DB84D0EB2F7}.Debug|x86.Build.0 = Debug|Win32
		{22FE7D48-5B1D-4E26-B65D-8DB84D0EB2F7}.Release|x64.ActiveCfg = Release|x64
		{22FE7D48-5B1D-4E26-B65D-8DB84D0EB2F7}.Release|x64.Build.0 = Release|x64
		{22FE7D48-5B1D-4E26-B65D-8DB84D0EB2F7}.Release|x86.ActiveCfg = Release|Win32
		{22FE7D48-5B1D-4E26-B65D-8DB84D0EB2F7}.Release|x86.Build.0 = Release|Win32
		{9A47B9A9-5004-4065-B8A3-06A9200264B4}.Debug|x64.ActiveCfg = Debug|x64
		{9A47B9A9-5004-4065-B8A3-06A9200264B4}.Debug|x64.Build.0 = Debug|x64
		{9A47B9A9-5004-4065-B8A3-06A9200264B4}.Debug|x86.ActiveCfg = Debug|Win32
		{9A47B9A9-5004-4065-B8A3-06A9200264B4}.Debug|x86.Build.0 = Debug|Win32
		{9A47B9A9-5004-4065-B8A3-06A9200264B4}.Release|x64.ActiveCfg = Release|x64
		{9A47B9A9-5004-4065-B8A3-06A9200264B4}.Release|x64.Build.0 = Release|x64
		{9A47B9A9-5004-4065-B8A3-06A9200264B4}.Release|x86.ActiveCfg = Release|Win32
		{9A47B9A9-5004-4065-B8A3-06A9200264B4}.Release|x86.Build.0 = Release|Win32
	EndGlobalSection
	GlobalSection(SolutionProperties) = preSolution
		HideSolutionNode = FALSE
	EndGlobalSection
	GlobalSection(ExtensibilityGlobals) = postSolution
		SolutionGuid = {DF96F04F-B752-4321-B635-C8394F8B5EEC}
	EndGlobalSection
EndGlobal
