<?xml version="1.0" encoding="utf-8"?>
<Project ToolsVersion="4.0" xmlns="http://schemas.microsoft.com/developer/msbuild/2003">
  <ItemGroup>
    <Filter Include="Archivos de origen">
      <UniqueIdentifier>{4FC737F1-C7A5-4376-A066-2A32D752A2FF}</UniqueIdentifier>
      <Extensions>cpp;c;cc;cxx;def;odl;idl;hpj;bat;asm;asmx</Extensions>
    </Filter>
    <Filter Include="Archivos de encabezado">
      <UniqueIdentifier>{93995380-89BD-4b04-88EB-625FBE52EBFB}</UniqueIdentifier>
      <Extensions>h;hh;hpp;hxx;hm;inl;inc;ipp;xsd</Extensions>
    </Filter>
    <Filter Include="Archivos de recursos">
      <UniqueIdentifier>{67DA6AB6-F800-4c08-8B7A-83BB121AAD01}</UniqueIdentifier>
      <Extensions>rc;ico;cur;bmp;dlg;rc2;rct;bin;rgs;gif;jpg;jpeg;jpe;resx;tiff;tif;png;wav;mfcribbon-ms</Extensions>
    </Filter>
    <Filter Include="source">
      <UniqueIdentifier>{811f41d1-ad92-4d4a-bb55-0275a881cb95}</UniqueIdentifier>
    </Filter>
    <Filter Include="include">
      <UniqueIdentifier>{48dcf2b2-2509-4813-99dd-b8f139b1266f}</UniqueIdentifier>
    </Filter>
  </ItemGroup>
  <ItemGroup>
    <ClInclude Include="src\Diskak.h">
      <Filter>source</Filter>
    </ClInclude>
    <ClInclude Include="src\orokorrak.h">
      <Filter>source</Filter>
    </ClInclude>
    <ClInclude Include="src\Stocka.h">
      <Filter>source</Filter>
    </ClInclude>
    <ClInclude Include="src\menua_admin.h">
      <Filter>source</Filter>
    </ClInclude>
    <ClInclude Include="src\Erabiltzaileak.h">
      <Filter>source</Filter>
    </ClInclude>
    <ClInclude Include="src\menua_erabil.h">
      <Filter>source</Filter>
    </ClInclude>
  </ItemGroup>
  <ItemGroup>
    <ClCompile Include="src\Diskak.c">
      <Filter>source</Filter>
    </ClCompile>
    <ClCompile Include="Main.c">
      <Filter>Archivos de origen</Filter>
    </ClCompile>
    <ClCompile Include="src\Stocka.c">
      <Filter>source</Filter>
    </ClCompile>
    <ClCompile Include="src\menua_admin.c">
      <Filter>source</Filter>
    </ClCompile>
    <ClCompile Include="src\Erabiltzaileak.c">
      <Filter>source</Filter>
    </ClCompile>
    <ClCompile Include="src\menua_erabil.c">
      <Filter>source</Filter>
    </ClCompile>
  </ItemGroup>
</Project>