
Microsoft Visual Studio Solution File, Format Version 12.00
# Visual Studio Version 16
VisualStudioVersion = 16.0.29806.167
MinimumVisualStudioVersion = 10.0.40219.1
Project("{8BC9CEB8-8B4A-11D0-8D11-00A0C91BC942}") = "Pruebak_0", "Pruebak_0\Pruebak_0.vcxproj", "{4C657FDE-AD9C-47B9-AC18-A9F88298C11D}"
EndProject
Project("{8BC9CEB8-8B4A-11D0-8D11-00A0C91BC942}") = "Project1", "Project1\Project1.vcxproj", "{B39D9AA2-ADB3-42DC-85C5-24A121A3C9A9}"
EndProject
Project("{8BC9CEB8-8B4A-11D0-8D11-00A0C91BC942}") = "pruebaw", "pruebaw\pruebaw.vcxproj", "{549AA03D-46E1-4121-967D-E971BFDA68F4}"
EndProject
Project("{8BC9CEB8-8B4A-11D0-8D11-00A0C91BC942}") = "Ariketa1", "Ariketa1\Ariketa1.vcxproj", "{DB0BF626-65DC-46CE-BCD1-9CC031579E76}"
EndProject
Project("{8BC9CEB8-8B4A-11D0-8D11-00A0C91BC942}") = "ariketa2", "ariketa2\ariketa2.vcxproj", "{24D26EC7-E4C1-418B-9424-09BC95A8EE53}"
EndProject
Project("{8BC9CEB8-8B4A-11D0-8D11-00A0C91BC942}") = "Ariketa4", "Ariketa4\Ariketa4.vcxproj", "{38D3DFF5-1C34-4C30-83A7-CF3BF2FC45F8}"
EndProject
Project("{8BC9CEB8-8B4A-11D0-8D11-00A0C91BC942}") = "Ariketa3", "Ariketa3\Ariketa3.vcxproj", "{F49815F7-405A-4359-BAE4-555E2794ABDD}"
EndProject
Project("{8BC9CEB8-8B4A-11D0-8D11-00A0C91BC942}") = "Ariketa5", "Ariketa5\Ariketa5.vcxproj", "{FBCFC3A1-F438-490D-A40D-02D4544F3B71}"
EndProject
Project("{8BC9CEB8-8B4A-11D0-8D11-00A0C91BC942}") = "Ariketa2 Karakterea", "Ariketa2 Karakterea\Ariketa2 Karakterea.vcxproj", "{DC0B89B6-2DCB-4508-A2D5-A8F140BECAF1}"
EndProject
Project("{8BC9CEB8-8B4A-11D0-8D11-00A0C91BC942}") = "Atiketa6", "Atiketa6\Atiketa6.vcxproj", "{6738D08D-D4E2-4480-A830-E9240F309026}"
EndProject
Project("{8BC9CEB8-8B4A-11D0-8D11-00A0C91BC942}") = "Ariketa7", "Ariketa7\Ariketa7.vcxproj", "{4493B2B7-5380-49BC-884E-D18C1BA126EC}"
EndProject
Project("{8BC9CEB8-8B4A-11D0-8D11-00A0C91BC942}") = "Ariketa8", "Ariketa8\Ariketa8.vcxproj", "{6093BA48-9E54-456F-A02B-A9DD96FBCD17}"
EndProject
Project("{8BC9CEB8-8B4A-11D0-8D11-00A0C91BC942}") = "KP asteko egunak", "KP asteko egunak\KP asteko egunak.vcxproj", "{11F8E2BC-A93B-4C73-A7DB-F0E1576249FF}"
EndProject
Project("{8BC9CEB8-8B4A-11D0-8D11-00A0C91BC942}") = "KP konplexu", "KP konplexu\KP konplexu.vcxproj", "{C22E5FA3-9AD7-4577-A6A0-881BA928114C}"
EndProject
Project("{8BC9CEB8-8B4A-11D0-8D11-00A0C91BC942}") = "AriketaDATUEGITURAKetaERAKUSLEAK", "AriketaDATUEGITURAKetaERAKUSLEAK\AriketaDATUEGITURAKetaERAKUSLEAK.vcxproj", "{82637187-5534-4E58-ABF0-90E83C3ACB30}"
EndProject
Global
	GlobalSection(SolutionConfigurationPlatforms) = preSolution
		Debug|x64 = Debug|x64
		Debug|x86 = Debug|x86
		Release|x64 = Release|x64
		Release|x86 = Release|x86
	EndGlobalSection
	GlobalSection(ProjectConfigurationPlatforms) = postSolution
		{4C657FDE-AD9C-47B9-AC18-A9F88298C11D}.Debug|x64.ActiveCfg = Debug|x64
		{4C657FDE-AD9C-47B9-AC18-A9F88298C11D}.Debug|x64.Build.0 = Debug|x64
		{4C657FDE-AD9C-47B9-AC18-A9F88298C11D}.Debug|x86.ActiveCfg = Debug|Win32
		{4C657FDE-AD9C-47B9-AC18-A9F88298C11D}.Debug|x86.Build.0 = Debug|Win32
		{4C657FDE-AD9C-47B9-AC18-A9F88298C11D}.Release|x64.ActiveCfg = Release|x64
		{4C657FDE-AD9C-47B9-AC18-A9F88298C11D}.Release|x64.Build.0 = Release|x64
		{4C657FDE-AD9C-47B9-AC18-A9F88298C11D}.Release|x86.ActiveCfg = Release|Win32
		{4C657FDE-AD9C-47B9-AC18-A9F88298C11D}.Release|x86.Build.0 = Release|Win32
		{B39D9AA2-ADB3-42DC-85C5-24A121A3C9A9}.Debug|x64.ActiveCfg = Debug|x64
		{B39D9AA2-ADB3-42DC-85C5-24A121A3C9A9}.Debug|x64.Build.0 = Debug|x64
		{B39D9AA2-ADB3-42DC-85C5-24A121A3C9A9}.Debug|x86.ActiveCfg = Debug|Win32
		{B39D9AA2-ADB3-42DC-85C5-24A121A3C9A9}.Debug|x86.Build.0 = Debug|Win32
		{B39D9AA2-ADB3-42DC-85C5-24A121A3C9A9}.Release|x64.ActiveCfg = Release|x64
		{B39D9AA2-ADB3-42DC-85C5-24A121A3C9A9}.Release|x64.Build.0 = Release|x64
		{B39D9AA2-ADB3-42DC-85C5-24A121A3C9A9}.Release|x86.ActiveCfg = Release|Win32
		{B39D9AA2-ADB3-42DC-85C5-24A121A3C9A9}.Release|x86.Build.0 = Release|Win32
		{549AA03D-46E1-4121-967D-E971BFDA68F4}.Debug|x64.ActiveCfg = Debug|x64
		{549AA03D-46E1-4121-967D-E971BFDA68F4}.Debug|x64.Build.0 = Debug|x64
		{549AA03D-46E1-4121-967D-E971BFDA68F4}.Debug|x86.ActiveCfg = Debug|Win32
		{549AA03D-46E1-4121-967D-E971BFDA68F4}.Debug|x86.Build.0 = Debug|Win32
		{549AA03D-46E1-4121-967D-E971BFDA68F4}.Release|x64.ActiveCfg = Release|x64
		{549AA03D-46E1-4121-967D-E971BFDA68F4}.Release|x64.Build.0 = Release|x64
		{549AA03D-46E1-4121-967D-E971BFDA68F4}.Release|x86.ActiveCfg = Release|Win32
		{549AA03D-46E1-4121-967D-E971BFDA68F4}.Release|x86.Build.0 = Release|Win32
		{DB0BF626-65DC-46CE-BCD1-9CC031579E76}.Debug|x64.ActiveCfg = Debug|x64
		{DB0BF626-65DC-46CE-BCD1-9CC031579E76}.Debug|x64.Build.0 = Debug|x64
		{DB0BF626-65DC-46CE-BCD1-9CC031579E76}.Debug|x86.ActiveCfg = Debug|Win32
		{DB0BF626-65DC-46CE-BCD1-9CC031579E76}.Debug|x86.Build.0 = Debug|Win32
		{DB0BF626-65DC-46CE-BCD1-9CC031579E76}.Release|x64.ActiveCfg = Release|x64
		{DB0BF626-65DC-46CE-BCD1-9CC031579E76}.Release|x64.Build.0 = Release|x64
		{DB0BF626-65DC-46CE-BCD1-9CC031579E76}.Release|x86.ActiveCfg = Release|Win32
		{DB0BF626-65DC-46CE-BCD1-9CC031579E76}.Release|x86.Build.0 = Release|Win32
		{24D26EC7-E4C1-418B-9424-09BC95A8EE53}.Debug|x64.ActiveCfg = Debug|x64
		{24D26EC7-E4C1-418B-9424-09BC95A8EE53}.Debug|x64.Build.0 = Debug|x64
		{24D26EC7-E4C1-418B-9424-09BC95A8EE53}.Debug|x86.ActiveCfg = Debug|Win32
		{24D26EC7-E4C1-418B-9424-09BC95A8EE53}.Debug|x86.Build.0 = Debug|Win32
		{24D26EC7-E4C1-418B-9424-09BC95A8EE53}.Release|x64.ActiveCfg = Release|x64
		{24D26EC7-E4C1-418B-9424-09BC95A8EE53}.Release|x64.Build.0 = Release|x64
		{24D26EC7-E4C1-418B-9424-09BC95A8EE53}.Release|x86.ActiveCfg = Release|Win32
		{24D26EC7-E4C1-418B-9424-09BC95A8EE53}.Release|x86.Build.0 = Release|Win32
		{38D3DFF5-1C34-4C30-83A7-CF3BF2FC45F8}.Debug|x64.ActiveCfg = Debug|x64
		{38D3DFF5-1C34-4C30-83A7-CF3BF2FC45F8}.Debug|x64.Build.0 = Debug|x64
		{38D3DFF5-1C34-4C30-83A7-CF3BF2FC45F8}.Debug|x86.ActiveCfg = Debug|Win32
		{38D3DFF5-1C34-4C30-83A7-CF3BF2FC45F8}.Debug|x86.Build.0 = Debug|Win32
		{38D3DFF5-1C34-4C30-83A7-CF3BF2FC45F8}.Release|x64.ActiveCfg = Release|x64
		{38D3DFF5-1C34-4C30-83A7-CF3BF2FC45F8}.Release|x64.Build.0 = Release|x64
		{38D3DFF5-1C34-4C30-83A7-CF3BF2FC45F8}.Release|x86.ActiveCfg = Release|Win32
		{38D3DFF5-1C34-4C30-83A7-CF3BF2FC45F8}.Release|x86.Build.0 = Release|Win32
		{F49815F7-405A-4359-BAE4-555E2794ABDD}.Debug|x64.ActiveCfg = Debug|x64
		{F49815F7-405A-4359-BAE4-555E2794ABDD}.Debug|x64.Build.0 = Debug|x64
		{F49815F7-405A-4359-BAE4-555E2794ABDD}.Debug|x86.ActiveCfg = Debug|Win32
		{F49815F7-405A-4359-BAE4-555E2794ABDD}.Debug|x86.Build.0 = Debug|Win32
		{F49815F7-405A-4359-BAE4-555E2794ABDD}.Release|x64.ActiveCfg = Release|x64
		{F49815F7-405A-4359-BAE4-555E2794ABDD}.Release|x64.Build.0 = Release|x64
		{F49815F7-405A-4359-BAE4-555E2794ABDD}.Release|x86.ActiveCfg = Release|Win32
		{F49815F7-405A-4359-BAE4-555E2794ABDD}.Release|x86.Build.0 = Release|Win32
		{FBCFC3A1-F438-490D-A40D-02D4544F3B71}.Debug|x64.ActiveCfg = Debug|x64
		{FBCFC3A1-F438-490D-A40D-02D4544F3B71}.Debug|x64.Build.0 = Debug|x64
		{FBCFC3A1-F438-490D-A40D-02D4544F3B71}.Debug|x86.ActiveCfg = Debug|Win32
		{FBCFC3A1-F438-490D-A40D-02D4544F3B71}.Debug|x86.Build.0 = Debug|Win32
		{FBCFC3A1-F438-490D-A40D-02D4544F3B71}.Release|x64.ActiveCfg = Release|x64
		{FBCFC3A1-F438-490D-A40D-02D4544F3B71}.Release|x64.Build.0 = Release|x64
		{FBCFC3A1-F438-490D-A40D-02D4544F3B71}.Release|x86.ActiveCfg = Release|Win32
		{FBCFC3A1-F438-490D-A40D-02D4544F3B71}.Release|x86.Build.0 = Release|Win32
		{DC0B89B6-2DCB-4508-A2D5-A8F140BECAF1}.Debug|x64.ActiveCfg = Debug|x64
		{DC0B89B6-2DCB-4508-A2D5-A8F140BECAF1}.Debug|x64.Build.0 = Debug|x64
		{DC0B89B6-2DCB-4508-A2D5-A8F140BECAF1}.Debug|x86.ActiveCfg = Debug|Win32
		{DC0B89B6-2DCB-4508-A2D5-A8F140BECAF1}.Debug|x86.Build.0 = Debug|Win32
		{DC0B89B6-2DCB-4508-A2D5-A8F140BECAF1}.Release|x64.ActiveCfg = Release|x64
		{DC0B89B6-2DCB-4508-A2D5-A8F140BECAF1}.Release|x64.Build.0 = Release|x64
		{DC0B89B6-2DCB-4508-A2D5-A8F140BECAF1}.Release|x86.ActiveCfg = Release|Win32
		{DC0B89B6-2DCB-4508-A2D5-A8F140BECAF1}.Release|x86.Build.0 = Release|Win32
		{6738D08D-D4E2-4480-A830-E9240F309026}.Debug|x64.ActiveCfg = Debug|x64
		{6738D08D-D4E2-4480-A830-E9240F309026}.Debug|x64.Build.0 = Debug|x64
		{6738D08D-D4E2-4480-A830-E9240F309026}.Debug|x86.ActiveCfg = Debug|Win32
		{6738D08D-D4E2-4480-A830-E9240F309026}.Debug|x86.Build.0 = Debug|Win32
		{6738D08D-D4E2-4480-A830-E9240F309026}.Release|x64.ActiveCfg = Release|x64
		{6738D08D-D4E2-4480-A830-E9240F309026}.Release|x64.Build.0 = Release|x64
		{6738D08D-D4E2-4480-A830-E9240F309026}.Release|x86.ActiveCfg = Release|Win32
		{6738D08D-D4E2-4480-A830-E9240F309026}.Release|x86.Build.0 = Release|Win32
		{4493B2B7-5380-49BC-884E-D18C1BA126EC}.Debug|x64.ActiveCfg = Debug|x64
		{4493B2B7-5380-49BC-884E-D18C1BA126EC}.Debug|x64.Build.0 = Debug|x64
		{4493B2B7-5380-49BC-884E-D18C1BA126EC}.Debug|x86.ActiveCfg = Debug|Win32
		{4493B2B7-5380-49BC-884E-D18C1BA126EC}.Debug|x86.Build.0 = Debug|Win32
		{4493B2B7-5380-49BC-884E-D18C1BA126EC}.Release|x64.ActiveCfg = Release|x64
		{4493B2B7-5380-49BC-884E-D18C1BA126EC}.Release|x64.Build.0 = Release|x64
		{4493B2B7-5380-49BC-884E-D18C1BA126EC}.Release|x86.ActiveCfg = Release|Win32
		{4493B2B7-5380-49BC-884E-D18C1BA126EC}.Release|x86.Build.0 = Release|Win32
		{6093BA48-9E54-456F-A02B-A9DD96FBCD17}.Debug|x64.ActiveCfg = Debug|x64
		{6093BA48-9E54-456F-A02B-A9DD96FBCD17}.Debug|x64.Build.0 = Debug|x64
		{6093BA48-9E54-456F-A02B-A9DD96FBCD17}.Debug|x86.ActiveCfg = Debug|Win32
		{6093BA48-9E54-456F-A02B-A9DD96FBCD17}.Debug|x86.Build.0 = Debug|Win32
		{6093BA48-9E54-456F-A02B-A9DD96FBCD17}.Release|x64.ActiveCfg = Release|x64
		{6093BA48-9E54-456F-A02B-A9DD96FBCD17}.Release|x64.Build.0 = Release|x64
		{6093BA48-9E54-456F-A02B-A9DD96FBCD17}.Release|x86.ActiveCfg = Release|Win32
		{6093BA48-9E54-456F-A02B-A9DD96FBCD17}.Release|x86.Build.0 = Release|Win32
		{11F8E2BC-A93B-4C73-A7DB-F0E1576249FF}.Debug|x64.ActiveCfg = Debug|x64
		{11F8E2BC-A93B-4C73-A7DB-F0E1576249FF}.Debug|x64.Build.0 = Debug|x64
		{11F8E2BC-A93B-4C73-A7DB-F0E1576249FF}.Debug|x86.ActiveCfg = Debug|Win32
		{11F8E2BC-A93B-4C73-A7DB-F0E1576249FF}.Debug|x86.Build.0 = Debug|Win32
		{11F8E2BC-A93B-4C73-A7DB-F0E1576249FF}.Release|x64.ActiveCfg = Release|x64
		{11F8E2BC-A93B-4C73-A7DB-F0E1576249FF}.Release|x64.Build.0 = Release|x64
		{11F8E2BC-A93B-4C73-A7DB-F0E1576249FF}.Release|x86.ActiveCfg = Release|Win32
		{11F8E2BC-A93B-4C73-A7DB-F0E1576249FF}.Release|x86.Build.0 = Release|Win32
		{C22E5FA3-9AD7-4577-A6A0-881BA928114C}.Debug|x64.ActiveCfg = Debug|x64
		{C22E5FA3-9AD7-4577-A6A0-881BA928114C}.Debug|x64.Build.0 = Debug|x64
		{C22E5FA3-9AD7-4577-A6A0-881BA928114C}.Debug|x86.ActiveCfg = Debug|Win32
		{C22E5FA3-9AD7-4577-A6A0-881BA928114C}.Debug|x86.Build.0 = Debug|Win32
		{C22E5FA3-9AD7-4577-A6A0-881BA928114C}.Release|x64.ActiveCfg = Release|x64
		{C22E5FA3-9AD7-4577-A6A0-881BA928114C}.Release|x64.Build.0 = Release|x64
		{C22E5FA3-9AD7-4577-A6A0-881BA928114C}.Release|x86.ActiveCfg = Release|Win32
		{C22E5FA3-9AD7-4577-A6A0-881BA928114C}.Release|x86.Build.0 = Release|Win32
		{82637187-5534-4E58-ABF0-90E83C3ACB30}.Debug|x64.ActiveCfg = Debug|x64
		{82637187-5534-4E58-ABF0-90E83C3ACB30}.Debug|x64.Build.0 = Debug|x64
		{82637187-5534-4E58-ABF0-90E83C3ACB30}.Debug|x86.ActiveCfg = Debug|Win32
		{82637187-5534-4E58-ABF0-90E83C3ACB30}.Debug|x86.Build.0 = Debug|Win32
		{82637187-5534-4E58-ABF0-90E83C3ACB30}.Release|x64.ActiveCfg = Release|x64
		{82637187-5534-4E58-ABF0-90E83C3ACB30}.Release|x64.Build.0 = Release|x64
		{82637187-5534-4E58-ABF0-90E83C3ACB30}.Release|x86.ActiveCfg = Release|Win32
		{82637187-5534-4E58-ABF0-90E83C3ACB30}.Release|x86.Build.0 = Release|Win32
	EndGlobalSection
	GlobalSection(SolutionProperties) = preSolution
		HideSolutionNode = FALSE
	EndGlobalSection
	GlobalSection(ExtensibilityGlobals) = postSolution
		SolutionGuid = {EE24C105-0841-46ED-9208-B003FB97CA16}
	EndGlobalSection
EndGlobal
