
Microsoft Visual Studio Solution File, Format Version 12.00
# Visual Studio Version 16
VisualStudioVersion = 16.0.30011.22
MinimumVisualStudioVersion = 10.0.40219.1
Project("{8BC9CEB8-8B4A-11D0-8D11-00A0C91BC942}") = "prueba1", "prueba1\prueba1.vcxproj", "{3F5AA94E-43C5-49D9-B714-31A66D2A561C}"
EndProject
Project("{8BC9CEB8-8B4A-11D0-8D11-00A0C91BC942}") = "Ariketa1", "Ariketa1\Ariketa1.vcxproj", "{FDC834EC-C50C-4BD3-8B21-C8456320DC2A}"
EndProject
Project("{8BC9CEB8-8B4A-11D0-8D11-00A0C91BC942}") = "Ariketa 2", "Ariketa 2\Ariketa 2.vcxproj", "{8848B52A-6605-42EB-9398-28C9DB572006}"
EndProject
Project("{8BC9CEB8-8B4A-11D0-8D11-00A0C91BC942}") = "Ariketa3", "Ariketa3\Ariketa3.vcxproj", "{E5677F0B-D340-4F4B-A0B4-A07FBF2B53D6}"
EndProject
Project("{8BC9CEB8-8B4A-11D0-8D11-00A0C91BC942}") = "Ariketa 4", "Ariketa 4\Ariketa 4.vcxproj", "{0EEBC7EF-670A-4BE1-816F-AB398687A4A1}"
EndProject
Project("{8BC9CEB8-8B4A-11D0-8D11-00A0C91BC942}") = "Ariketa 5", "Ariketa 7\Ariketa 7.vcxproj", "{8B9834A2-273D-430C-9B1F-93FD894F10A6}"
EndProject
Project("{8BC9CEB8-8B4A-11D0-8D11-00A0C91BC942}") = "Ariketa 6", "Ariketa 6\Ariketa 6.vcxproj", "{77322066-F755-4555-B267-ED819575BC6A}"
EndProject
Project("{8BC9CEB8-8B4A-11D0-8D11-00A0C91BC942}") = "prubea", "prubea\prubea.vcxproj", "{809DA25D-9C30-4BCF-9DE3-D164269AAC99}"
EndProject
Project("{8BC9CEB8-8B4A-11D0-8D11-00A0C91BC942}") = "Ariketa_7_", "Ariketa_7_\Ariketa_7_.vcxproj", "{CA9458F8-A4F7-4BC2-A88C-AF698FBCB4E0}"
EndProject
Project("{8BC9CEB8-8B4A-11D0-8D11-00A0C91BC942}") = "AriketaSorta1_ariketa1", "AriketaSorta1_ariketa1\AriketaSorta1_ariketa1.vcxproj", "{B169E6C7-C226-495A-8B1D-9C4B6A167C03}"
EndProject
Project("{8BC9CEB8-8B4A-11D0-8D11-00A0C91BC942}") = "AriketaSorta1_ariketa2", "AriketaSorta1_ariketa2\AriketaSorta1_ariketa2.vcxproj", "{1F96B92B-78D5-4969-BD06-1BE1FAB38AA6}"
EndProject
Project("{2150E333-8FDC-42A3-9474-1A3956D46DE8}") = "Solution Items", "Solution Items", "{CB909F52-5A51-4F88-9038-762CF79EC1E0}"
	ProjectSection(SolutionItems) = preProject
		TextFile1.txt = TextFile1.txt
	EndProjectSection
EndProject
Project("{8BC9CEB8-8B4A-11D0-8D11-00A0C91BC942}") = "Pelikulak", "Pelikulak\Pelikulak.vcxproj", "{BD680578-82F4-4CA2-A94E-DB0AB3F26877}"
EndProject
Project("{8BC9CEB8-8B4A-11D0-8D11-00A0C91BC942}") = "MiPelikula", "MiPelikula\MiPelikula.vcxproj", "{630205C8-0C82-4CA1-B927-C19D68FE6E24}"
EndProject
Project("{8BC9CEB8-8B4A-11D0-8D11-00A0C91BC942}") = "Ariketa nose", "Ariketa nose\Ariketa nose.vcxproj", "{39AF3C18-2234-447F-9AF6-6A4EAE5FEDA4}"
EndProject
Project("{8BC9CEB8-8B4A-11D0-8D11-00A0C91BC942}") = "KP", "KP\KP.vcxproj", "{15C48E44-E5E4-4EB1-9AAF-7B3AEDFC9EF4}"
EndProject
Project("{8BC9CEB8-8B4A-11D0-8D11-00A0C91BC942}") = "Project1", "Project1\Project1.vcxproj", "{1B979AF2-CAC1-4F95-BA4E-1BEC838651F8}"
EndProject
Project("{8BC9CEB8-8B4A-11D0-8D11-00A0C91BC942}") = "Kruskal", "Kruskal\Kruskal.vcxproj", "{33E39E57-D296-4F67-B0F3-339CBB629359}"
EndProject
Project("{8BC9CEB8-8B4A-11D0-8D11-00A0C91BC942}") = "Prim", "Prim\Prim.vcxproj", "{7C9DDCCE-0E31-4324-BCC4-43E3237C8A4C}"
EndProject
Project("{8BC9CEB8-8B4A-11D0-8D11-00A0C91BC942}") = "PruebaKruskal", "PruebaKruskal\PruebaKruskal.vcxproj", "{CC8AE24D-6077-4B5F-A113-E73C129BA39D}"
EndProject
Project("{8BC9CEB8-8B4A-11D0-8D11-00A0C91BC942}") = "Kruskal def", "Kruskal def\Kruskal def.vcxproj", "{361DDF7D-0D54-424C-8CD6-A9D4698E0CD0}"
EndProject
Project("{8BC9CEB8-8B4A-11D0-8D11-00A0C91BC942}") = "KP_rekua", "KP_rekua\KP_rekua.vcxproj", "{BAF684AF-18E2-4D61-B1CD-C3F7D2C34C7B}"
EndProject
Project("{8BC9CEB8-8B4A-11D0-8D11-00A0C91BC942}") = "reku", "reku\reku.vcxproj", "{24B1A051-0A2D-42C9-9796-84E1E586F580}"
EndProject
Global
	GlobalSection(SolutionConfigurationPlatforms) = preSolution
		Debug|x64 = Debug|x64
		Debug|x86 = Debug|x86
		Release|x64 = Release|x64
		Release|x86 = Release|x86
	EndGlobalSection
	GlobalSection(ProjectConfigurationPlatforms) = postSolution
		{3F5AA94E-43C5-49D9-B714-31A66D2A561C}.Debug|x64.ActiveCfg = Debug|x64
		{3F5AA94E-43C5-49D9-B714-31A66D2A561C}.Debug|x64.Build.0 = Debug|x64
		{3F5AA94E-43C5-49D9-B714-31A66D2A561C}.Debug|x86.ActiveCfg = Debug|Win32
		{3F5AA94E-43C5-49D9-B714-31A66D2A561C}.Debug|x86.Build.0 = Debug|Win32
		{3F5AA94E-43C5-49D9-B714-31A66D2A561C}.Release|x64.ActiveCfg = Release|x64
		{3F5AA94E-43C5-49D9-B714-31A66D2A561C}.Release|x64.Build.0 = Release|x64
		{3F5AA94E-43C5-49D9-B714-31A66D2A561C}.Release|x86.ActiveCfg = Release|Win32
		{3F5AA94E-43C5-49D9-B714-31A66D2A561C}.Release|x86.Build.0 = Release|Win32
		{FDC834EC-C50C-4BD3-8B21-C8456320DC2A}.Debug|x64.ActiveCfg = Debug|x64
		{FDC834EC-C50C-4BD3-8B21-C8456320DC2A}.Debug|x64.Build.0 = Debug|x64
		{FDC834EC-C50C-4BD3-8B21-C8456320DC2A}.Debug|x86.ActiveCfg = Debug|Win32
		{FDC834EC-C50C-4BD3-8B21-C8456320DC2A}.Debug|x86.Build.0 = Debug|Win32
		{FDC834EC-C50C-4BD3-8B21-C8456320DC2A}.Release|x64.ActiveCfg = Release|x64
		{FDC834EC-C50C-4BD3-8B21-C8456320DC2A}.Release|x64.Build.0 = Release|x64
		{FDC834EC-C50C-4BD3-8B21-C8456320DC2A}.Release|x86.ActiveCfg = Release|Win32
		{FDC834EC-C50C-4BD3-8B21-C8456320DC2A}.Release|x86.Build.0 = Release|Win32
		{8848B52A-6605-42EB-9398-28C9DB572006}.Debug|x64.ActiveCfg = Debug|x64
		{8848B52A-6605-42EB-9398-28C9DB572006}.Debug|x64.Build.0 = Debug|x64
		{8848B52A-6605-42EB-9398-28C9DB572006}.Debug|x86.ActiveCfg = Debug|Win32
		{8848B52A-6605-42EB-9398-28C9DB572006}.Debug|x86.Build.0 = Debug|Win32
		{8848B52A-6605-42EB-9398-28C9DB572006}.Release|x64.ActiveCfg = Release|x64
		{8848B52A-6605-42EB-9398-28C9DB572006}.Release|x64.Build.0 = Release|x64
		{8848B52A-6605-42EB-9398-28C9DB572006}.Release|x86.ActiveCfg = Release|Win32
		{8848B52A-6605-42EB-9398-28C9DB572006}.Release|x86.Build.0 = Release|Win32
		{E5677F0B-D340-4F4B-A0B4-A07FBF2B53D6}.Debug|x64.ActiveCfg = Debug|x64
		{E5677F0B-D340-4F4B-A0B4-A07FBF2B53D6}.Debug|x64.Build.0 = Debug|x64
		{E5677F0B-D340-4F4B-A0B4-A07FBF2B53D6}.Debug|x86.ActiveCfg = Debug|Win32
		{E5677F0B-D340-4F4B-A0B4-A07FBF2B53D6}.Debug|x86.Build.0 = Debug|Win32
		{E5677F0B-D340-4F4B-A0B4-A07FBF2B53D6}.Release|x64.ActiveCfg = Release|x64
		{E5677F0B-D340-4F4B-A0B4-A07FBF2B53D6}.Release|x64.Build.0 = Release|x64
		{E5677F0B-D340-4F4B-A0B4-A07FBF2B53D6}.Release|x86.ActiveCfg = Release|Win32
		{E5677F0B-D340-4F4B-A0B4-A07FBF2B53D6}.Release|x86.Build.0 = Release|Win32
		{0EEBC7EF-670A-4BE1-816F-AB398687A4A1}.Debug|x64.ActiveCfg = Debug|x64
		{0EEBC7EF-670A-4BE1-816F-AB398687A4A1}.Debug|x64.Build.0 = Debug|x64
		{0EEBC7EF-670A-4BE1-816F-AB398687A4A1}.Debug|x86.ActiveCfg = Debug|Win32
		{0EEBC7EF-670A-4BE1-816F-AB398687A4A1}.Debug|x86.Build.0 = Debug|Win32
		{0EEBC7EF-670A-4BE1-816F-AB398687A4A1}.Release|x64.ActiveCfg = Release|x64
		{0EEBC7EF-670A-4BE1-816F-AB398687A4A1}.Release|x64.Build.0 = Release|x64
		{0EEBC7EF-670A-4BE1-816F-AB398687A4A1}.Release|x86.ActiveCfg = Release|Win32
		{0EEBC7EF-670A-4BE1-816F-AB398687A4A1}.Release|x86.Build.0 = Release|Win32
		{8B9834A2-273D-430C-9B1F-93FD894F10A6}.Debug|x64.ActiveCfg = Debug|x64
		{8B9834A2-273D-430C-9B1F-93FD894F10A6}.Debug|x64.Build.0 = Debug|x64
		{8B9834A2-273D-430C-9B1F-93FD894F10A6}.Debug|x86.ActiveCfg = Debug|Win32
		{8B9834A2-273D-430C-9B1F-93FD894F10A6}.Debug|x86.Build.0 = Debug|Win32
		{8B9834A2-273D-430C-9B1F-93FD894F10A6}.Release|x64.ActiveCfg = Release|x64
		{8B9834A2-273D-430C-9B1F-93FD894F10A6}.Release|x64.Build.0 = Release|x64
		{8B9834A2-273D-430C-9B1F-93FD894F10A6}.Release|x86.ActiveCfg = Release|Win32
		{8B9834A2-273D-430C-9B1F-93FD894F10A6}.Release|x86.Build.0 = Release|Win32
		{77322066-F755-4555-B267-ED819575BC6A}.Debug|x64.ActiveCfg = Debug|x64
		{77322066-F755-4555-B267-ED819575BC6A}.Debug|x64.Build.0 = Debug|x64
		{77322066-F755-4555-B267-ED819575BC6A}.Debug|x86.ActiveCfg = Debug|Win32
		{77322066-F755-4555-B267-ED819575BC6A}.Debug|x86.Build.0 = Debug|Win32
		{77322066-F755-4555-B267-ED819575BC6A}.Release|x64.ActiveCfg = Release|x64
		{77322066-F755-4555-B267-ED819575BC6A}.Release|x64.Build.0 = Release|x64
		{77322066-F755-4555-B267-ED819575BC6A}.Release|x86.ActiveCfg = Release|Win32
		{77322066-F755-4555-B267-ED819575BC6A}.Release|x86.Build.0 = Release|Win32
		{809DA25D-9C30-4BCF-9DE3-D164269AAC99}.Debug|x64.ActiveCfg = Debug|x64
		{809DA25D-9C30-4BCF-9DE3-D164269AAC99}.Debug|x64.Build.0 = Debug|x64
		{809DA25D-9C30-4BCF-9DE3-D164269AAC99}.Debug|x86.ActiveCfg = Debug|Win32
		{809DA25D-9C30-4BCF-9DE3-D164269AAC99}.Debug|x86.Build.0 = Debug|Win32
		{809DA25D-9C30-4BCF-9DE3-D164269AAC99}.Release|x64.ActiveCfg = Release|x64
		{809DA25D-9C30-4BCF-9DE3-D164269AAC99}.Release|x64.Build.0 = Release|x64
		{809DA25D-9C30-4BCF-9DE3-D164269AAC99}.Release|x86.ActiveCfg = Release|Win32
		{809DA25D-9C30-4BCF-9DE3-D164269AAC99}.Release|x86.Build.0 = Release|Win32
		{CA9458F8-A4F7-4BC2-A88C-AF698FBCB4E0}.Debug|x64.ActiveCfg = Debug|x64
		{CA9458F8-A4F7-4BC2-A88C-AF698FBCB4E0}.Debug|x64.Build.0 = Debug|x64
		{CA9458F8-A4F7-4BC2-A88C-AF698FBCB4E0}.Debug|x86.ActiveCfg = Debug|Win32
		{CA9458F8-A4F7-4BC2-A88C-AF698FBCB4E0}.Debug|x86.Build.0 = Debug|Win32
		{CA9458F8-A4F7-4BC2-A88C-AF698FBCB4E0}.Release|x64.ActiveCfg = Release|x64
		{CA9458F8-A4F7-4BC2-A88C-AF698FBCB4E0}.Release|x64.Build.0 = Release|x64
		{CA9458F8-A4F7-4BC2-A88C-AF698FBCB4E0}.Release|x86.ActiveCfg = Release|Win32
		{CA9458F8-A4F7-4BC2-A88C-AF698FBCB4E0}.Release|x86.Build.0 = Release|Win32
		{B169E6C7-C226-495A-8B1D-9C4B6A167C03}.Debug|x64.ActiveCfg = Debug|x64
		{B169E6C7-C226-495A-8B1D-9C4B6A167C03}.Debug|x64.Build.0 = Debug|x64
		{B169E6C7-C226-495A-8B1D-9C4B6A167C03}.Debug|x86.ActiveCfg = Debug|Win32
		{B169E6C7-C226-495A-8B1D-9C4B6A167C03}.Debug|x86.Build.0 = Debug|Win32
		{B169E6C7-C226-495A-8B1D-9C4B6A167C03}.Release|x64.ActiveCfg = Release|x64
		{B169E6C7-C226-495A-8B1D-9C4B6A167C03}.Release|x64.Build.0 = Release|x64
		{B169E6C7-C226-495A-8B1D-9C4B6A167C03}.Release|x86.ActiveCfg = Release|Win32
		{B169E6C7-C226-495A-8B1D-9C4B6A167C03}.Release|x86.Build.0 = Release|Win32
		{1F96B92B-78D5-4969-BD06-1BE1FAB38AA6}.Debug|x64.ActiveCfg = Debug|x64
		{1F96B92B-78D5-4969-BD06-1BE1FAB38AA6}.Debug|x64.Build.0 = Debug|x64
		{1F96B92B-78D5-4969-BD06-1BE1FAB38AA6}.Debug|x86.ActiveCfg = Debug|Win32
		{1F96B92B-78D5-4969-BD06-1BE1FAB38AA6}.Debug|x86.Build.0 = Debug|Win32
		{1F96B92B-78D5-4969-BD06-1BE1FAB38AA6}.Release|x64.ActiveCfg = Release|x64
		{1F96B92B-78D5-4969-BD06-1BE1FAB38AA6}.Release|x64.Build.0 = Release|x64
		{1F96B92B-78D5-4969-BD06-1BE1FAB38AA6}.Release|x86.ActiveCfg = Release|Win32
		{1F96B92B-78D5-4969-BD06-1BE1FAB38AA6}.Release|x86.Build.0 = Release|Win32
		{BD680578-82F4-4CA2-A94E-DB0AB3F26877}.Debug|x64.ActiveCfg = Debug|x64
		{BD680578-82F4-4CA2-A94E-DB0AB3F26877}.Debug|x64.Build.0 = Debug|x64
		{BD680578-82F4-4CA2-A94E-DB0AB3F26877}.Debug|x86.ActiveCfg = Debug|Win32
		{BD680578-82F4-4CA2-A94E-DB0AB3F26877}.Debug|x86.Build.0 = Debug|Win32
		{BD680578-82F4-4CA2-A94E-DB0AB3F26877}.Release|x64.ActiveCfg = Release|x64
		{BD680578-82F4-4CA2-A94E-DB0AB3F26877}.Release|x64.Build.0 = Release|x64
		{BD680578-82F4-4CA2-A94E-DB0AB3F26877}.Release|x86.ActiveCfg = Release|Win32
		{BD680578-82F4-4CA2-A94E-DB0AB3F26877}.Release|x86.Build.0 = Release|Win32
		{630205C8-0C82-4CA1-B927-C19D68FE6E24}.Debug|x64.ActiveCfg = Debug|x64
		{630205C8-0C82-4CA1-B927-C19D68FE6E24}.Debug|x64.Build.0 = Debug|x64
		{630205C8-0C82-4CA1-B927-C19D68FE6E24}.Debug|x86.ActiveCfg = Debug|Win32
		{630205C8-0C82-4CA1-B927-C19D68FE6E24}.Debug|x86.Build.0 = Debug|Win32
		{630205C8-0C82-4CA1-B927-C19D68FE6E24}.Release|x64.ActiveCfg = Release|x64
		{630205C8-0C82-4CA1-B927-C19D68FE6E24}.Release|x64.Build.0 = Release|x64
		{630205C8-0C82-4CA1-B927-C19D68FE6E24}.Release|x86.ActiveCfg = Release|Win32
		{630205C8-0C82-4CA1-B927-C19D68FE6E24}.Release|x86.Build.0 = Release|Win32
		{39AF3C18-2234-447F-9AF6-6A4EAE5FEDA4}.Debug|x64.ActiveCfg = Debug|x64
		{39AF3C18-2234-447F-9AF6-6A4EAE5FEDA4}.Debug|x64.Build.0 = Debug|x64
		{39AF3C18-2234-447F-9AF6-6A4EAE5FEDA4}.Debug|x86.ActiveCfg = Debug|Win32
		{39AF3C18-2234-447F-9AF6-6A4EAE5FEDA4}.Debug|x86.Build.0 = Debug|Win32
		{39AF3C18-2234-447F-9AF6-6A4EAE5FEDA4}.Release|x64.ActiveCfg = Release|x64
		{39AF3C18-2234-447F-9AF6-6A4EAE5FEDA4}.Release|x64.Build.0 = Release|x64
		{39AF3C18-2234-447F-9AF6-6A4EAE5FEDA4}.Release|x86.ActiveCfg = Release|Win32
		{39AF3C18-2234-447F-9AF6-6A4EAE5FEDA4}.Release|x86.Build.0 = Release|Win32
		{15C48E44-E5E4-4EB1-9AAF-7B3AEDFC9EF4}.Debug|x64.ActiveCfg = Debug|x64
		{15C48E44-E5E4-4EB1-9AAF-7B3AEDFC9EF4}.Debug|x64.Build.0 = Debug|x64
		{15C48E44-E5E4-4EB1-9AAF-7B3AEDFC9EF4}.Debug|x86.ActiveCfg = Debug|Win32
		{15C48E44-E5E4-4EB1-9AAF-7B3AEDFC9EF4}.Debug|x86.Build.0 = Debug|Win32
		{15C48E44-E5E4-4EB1-9AAF-7B3AEDFC9EF4}.Release|x64.ActiveCfg = Release|x64
		{15C48E44-E5E4-4EB1-9AAF-7B3AEDFC9EF4}.Release|x64.Build.0 = Release|x64
		{15C48E44-E5E4-4EB1-9AAF-7B3AEDFC9EF4}.Release|x86.ActiveCfg = Release|Win32
		{15C48E44-E5E4-4EB1-9AAF-7B3AEDFC9EF4}.Release|x86.Build.0 = Release|Win32
		{1B979AF2-CAC1-4F95-BA4E-1BEC838651F8}.Debug|x64.ActiveCfg = Debug|x64
		{1B979AF2-CAC1-4F95-BA4E-1BEC838651F8}.Debug|x64.Build.0 = Debug|x64
		{1B979AF2-CAC1-4F95-BA4E-1BEC838651F8}.Debug|x86.ActiveCfg = Debug|Win32
		{1B979AF2-CAC1-4F95-BA4E-1BEC838651F8}.Debug|x86.Build.0 = Debug|Win32
		{1B979AF2-CAC1-4F95-BA4E-1BEC838651F8}.Release|x64.ActiveCfg = Release|x64
		{1B979AF2-CAC1-4F95-BA4E-1BEC838651F8}.Release|x64.Build.0 = Release|x64
		{1B979AF2-CAC1-4F95-BA4E-1BEC838651F8}.Release|x86.ActiveCfg = Release|Win32
		{1B979AF2-CAC1-4F95-BA4E-1BEC838651F8}.Release|x86.Build.0 = Release|Win32
		{33E39E57-D296-4F67-B0F3-339CBB629359}.Debug|x64.ActiveCfg = Debug|x64
		{33E39E57-D296-4F67-B0F3-339CBB629359}.Debug|x64.Build.0 = Debug|x64
		{33E39E57-D296-4F67-B0F3-339CBB629359}.Debug|x86.ActiveCfg = Debug|Win32
		{33E39E57-D296-4F67-B0F3-339CBB629359}.Debug|x86.Build.0 = Debug|Win32
		{33E39E57-D296-4F67-B0F3-339CBB629359}.Release|x64.ActiveCfg = Release|x64
		{33E39E57-D296-4F67-B0F3-339CBB629359}.Release|x64.Build.0 = Release|x64
		{33E39E57-D296-4F67-B0F3-339CBB629359}.Release|x86.ActiveCfg = Release|Win32
		{33E39E57-D296-4F67-B0F3-339CBB629359}.Release|x86.Build.0 = Release|Win32
		{7C9DDCCE-0E31-4324-BCC4-43E3237C8A4C}.Debug|x64.ActiveCfg = Debug|x64
		{7C9DDCCE-0E31-4324-BCC4-43E3237C8A4C}.Debug|x64.Build.0 = Debug|x64
		{7C9DDCCE-0E31-4324-BCC4-43E3237C8A4C}.Debug|x86.ActiveCfg = Debug|Win32
		{7C9DDCCE-0E31-4324-BCC4-43E3237C8A4C}.Debug|x86.Build.0 = Debug|Win32
		{7C9DDCCE-0E31-4324-BCC4-43E3237C8A4C}.Release|x64.ActiveCfg = Release|x64
		{7C9DDCCE-0E31-4324-BCC4-43E3237C8A4C}.Release|x64.Build.0 = Release|x64
		{7C9DDCCE-0E31-4324-BCC4-43E3237C8A4C}.Release|x86.ActiveCfg = Release|Win32
		{7C9DDCCE-0E31-4324-BCC4-43E3237C8A4C}.Release|x86.Build.0 = Release|Win32
		{CC8AE24D-6077-4B5F-A113-E73C129BA39D}.Debug|x64.ActiveCfg = Debug|x64
		{CC8AE24D-6077-4B5F-A113-E73C129BA39D}.Debug|x64.Build.0 = Debug|x64
		{CC8AE24D-6077-4B5F-A113-E73C129BA39D}.Debug|x86.ActiveCfg = Debug|Win32
		{CC8AE24D-6077-4B5F-A113-E73C129BA39D}.Debug|x86.Build.0 = Debug|Win32
		{CC8AE24D-6077-4B5F-A113-E73C129BA39D}.Release|x64.ActiveCfg = Release|x64
		{CC8AE24D-6077-4B5F-A113-E73C129BA39D}.Release|x64.Build.0 = Release|x64
		{CC8AE24D-6077-4B5F-A113-E73C129BA39D}.Release|x86.ActiveCfg = Release|Win32
		{CC8AE24D-6077-4B5F-A113-E73C129BA39D}.Release|x86.Build.0 = Release|Win32
		{361DDF7D-0D54-424C-8CD6-A9D4698E0CD0}.Debug|x64.ActiveCfg = Debug|x64
		{361DDF7D-0D54-424C-8CD6-A9D4698E0CD0}.Debug|x64.Build.0 = Debug|x64
		{361DDF7D-0D54-424C-8CD6-A9D4698E0CD0}.Debug|x86.ActiveCfg = Debug|Win32
		{361DDF7D-0D54-424C-8CD6-A9D4698E0CD0}.Debug|x86.Build.0 = Debug|Win32
		{361DDF7D-0D54-424C-8CD6-A9D4698E0CD0}.Release|x64.ActiveCfg = Release|x64
		{361DDF7D-0D54-424C-8CD6-A9D4698E0CD0}.Release|x64.Build.0 = Release|x64
		{361DDF7D-0D54-424C-8CD6-A9D4698E0CD0}.Release|x86.ActiveCfg = Release|Win32
		{361DDF7D-0D54-424C-8CD6-A9D4698E0CD0}.Release|x86.Build.0 = Release|Win32
		{BAF684AF-18E2-4D61-B1CD-C3F7D2C34C7B}.Debug|x64.ActiveCfg = Debug|x64
		{BAF684AF-18E2-4D61-B1CD-C3F7D2C34C7B}.Debug|x64.Build.0 = Debug|x64
		{BAF684AF-18E2-4D61-B1CD-C3F7D2C34C7B}.Debug|x86.ActiveCfg = Debug|Win32
		{BAF684AF-18E2-4D61-B1CD-C3F7D2C34C7B}.Debug|x86.Build.0 = Debug|Win32
		{BAF684AF-18E2-4D61-B1CD-C3F7D2C34C7B}.Release|x64.ActiveCfg = Release|x64
		{BAF684AF-18E2-4D61-B1CD-C3F7D2C34C7B}.Release|x64.Build.0 = Release|x64
		{BAF684AF-18E2-4D61-B1CD-C3F7D2C34C7B}.Release|x86.ActiveCfg = Release|Win32
		{BAF684AF-18E2-4D61-B1CD-C3F7D2C34C7B}.Release|x86.Build.0 = Release|Win32
		{24B1A051-0A2D-42C9-9796-84E1E586F580}.Debug|x64.ActiveCfg = Debug|x64
		{24B1A051-0A2D-42C9-9796-84E1E586F580}.Debug|x64.Build.0 = Debug|x64
		{24B1A051-0A2D-42C9-9796-84E1E586F580}.Debug|x86.ActiveCfg = Debug|Win32
		{24B1A051-0A2D-42C9-9796-84E1E586F580}.Debug|x86.Build.0 = Debug|Win32
		{24B1A051-0A2D-42C9-9796-84E1E586F580}.Release|x64.ActiveCfg = Release|x64
		{24B1A051-0A2D-42C9-9796-84E1E586F580}.Release|x64.Build.0 = Release|x64
		{24B1A051-0A2D-42C9-9796-84E1E586F580}.Release|x86.ActiveCfg = Release|Win32
		{24B1A051-0A2D-42C9-9796-84E1E586F580}.Release|x86.Build.0 = Release|Win32
	EndGlobalSection
	GlobalSection(SolutionProperties) = preSolution
		HideSolutionNode = FALSE
	EndGlobalSection
	GlobalSection(ExtensibilityGlobals) = postSolution
		SolutionGuid = {EFBFA2C2-9180-4D91-983E-77F32848CB31}
	EndGlobalSection
EndGlobal
